// !$*UTF8*$!
{
	archiveVersion = 1;
	classes = {
	};
	objectVersion = 46;
	objects = {

/* Begin PBXBuildFile section */
		098F253327F05FD3520A8E83 /* Pods_JTReader.framework in Frameworks */ = {isa = PBXBuildFile; fileRef = 47DD7DD96E3EE2EBEB16F3AF /* Pods_JTReader.framework */; };
		C809FBBF1EC3614B006CE0E7 /* BookCell.swift in Sources */ = {isa = PBXBuildFile; fileRef = C809FBBD1EC3614B006CE0E7 /* BookCell.swift */; };
		C809FBC01EC3614B006CE0E7 /* BookCell.xib in Resources */ = {isa = PBXBuildFile; fileRef = C809FBBE1EC3614B006CE0E7 /* BookCell.xib */; };
		C8127B1C1EEA8A73008BFA8C /* BaseObject.m in Sources */ = {isa = PBXBuildFile; fileRef = C8127B1B1EEA8A73008BFA8C /* BaseObject.m */; };
		C813315F1EF927DD0081BDB4 /* PageContent.swift in Sources */ = {isa = PBXBuildFile; fileRef = C813315E1EF927DD0081BDB4 /* PageContent.swift */; };
		C81419C31F0CD8BB00E631CA /* LunboModel.swift in Sources */ = {isa = PBXBuildFile; fileRef = C81419C21F0CD8BB00E631CA /* LunboModel.swift */; };
		C81419C61F0CDE6100E631CA /* ActivityVC.swift in Sources */ = {isa = PBXBuildFile; fileRef = C81419C41F0CDE6100E631CA /* ActivityVC.swift */; };
		C81419C71F0CDE6100E631CA /* ActivityVC.xib in Resources */ = {isa = PBXBuildFile; fileRef = C81419C51F0CDE6100E631CA /* ActivityVC.xib */; };
		C81419D21F0CE5D500E631CA /* SettingVC.swift in Sources */ = {isa = PBXBuildFile; fileRef = C81419D01F0CE5D500E631CA /* SettingVC.swift */; };
		C81419D31F0CE5D500E631CA /* SettingVC.xib in Resources */ = {isa = PBXBuildFile; fileRef = C81419D11F0CE5D500E631CA /* SettingVC.xib */; };
		C81CA7881EF2CC5400E18847 /* JTDownLoadMode.swift in Sources */ = {isa = PBXBuildFile; fileRef = C81CA7871EF2CC5400E18847 /* JTDownLoadMode.swift */; };
		C821DC8B1F0F2B6C00A47ECC /* DubVC.swift in Sources */ = {isa = PBXBuildFile; fileRef = C821DC891F0F2B6C00A47ECC /* DubVC.swift */; };
		C821DC8C1F0F2B6C00A47ECC /* DubVC.xib in Resources */ = {isa = PBXBuildFile; fileRef = C821DC8A1F0F2B6C00A47ECC /* DubVC.xib */; };
		C8275DED1EB8324F00B7D7E1 /* NetWorkTool.swift in Sources */ = {isa = PBXBuildFile; fileRef = C8275DEC1EB8324F00B7D7E1 /* NetWorkTool.swift */; };
		C8275DEF1EB8327900B7D7E1 /* JTBaseViewController.swift in Sources */ = {isa = PBXBuildFile; fileRef = C8275DEE1EB8327900B7D7E1 /* JTBaseViewController.swift */; };
		C8275DF11EB86BE400B7D7E1 /* Common.swift in Sources */ = {isa = PBXBuildFile; fileRef = C8275DF01EB86BE400B7D7E1 /* Common.swift */; };
		C8275E061EB8807700B7D7E1 /* BookStoreVC.swift in Sources */ = {isa = PBXBuildFile; fileRef = C8275E041EB8807700B7D7E1 /* BookStoreVC.swift */; };
		C8275E071EB8807700B7D7E1 /* BookStoreVC.xib in Resources */ = {isa = PBXBuildFile; fileRef = C8275E051EB8807700B7D7E1 /* BookStoreVC.xib */; };
		C8275E0A1EB880A400B7D7E1 /* BookShelfVC.swift in Sources */ = {isa = PBXBuildFile; fileRef = C8275E081EB880A400B7D7E1 /* BookShelfVC.swift */; };
		C82E3AE81F13582900D327CC /* CircleTextCell.swift in Sources */ = {isa = PBXBuildFile; fileRef = C82E3AE61F13582900D327CC /* CircleTextCell.swift */; };
		C82E3AE91F13582900D327CC /* CircleTextCell.xib in Resources */ = {isa = PBXBuildFile; fileRef = C82E3AE71F13582900D327CC /* CircleTextCell.xib */; };
		C82E3AEC1F13583900D327CC /* CircleObjcCell.swift in Sources */ = {isa = PBXBuildFile; fileRef = C82E3AEA1F13583900D327CC /* CircleObjcCell.swift */; };
		C82E3AED1F13583900D327CC /* CircleObjcCell.xib in Resources */ = {isa = PBXBuildFile; fileRef = C82E3AEB1F13583900D327CC /* CircleObjcCell.xib */; };
		C82E3AF01F135CDB00D327CC /* CircleImageCell.swift in Sources */ = {isa = PBXBuildFile; fileRef = C82E3AEE1F135CDB00D327CC /* CircleImageCell.swift */; };
		C82E3AF11F135CDB00D327CC /* CircleImageCell.xib in Resources */ = {isa = PBXBuildFile; fileRef = C82E3AEF1F135CDB00D327CC /* CircleImageCell.xib */; };
		C82E3AF41F137E5400D327CC /* CircleModel.swift in Sources */ = {isa = PBXBuildFile; fileRef = C82E3AF31F137E5400D327CC /* CircleModel.swift */; };
		C83BFB301F14C30B00D2ECBF /* CircleTopCell.swift in Sources */ = {isa = PBXBuildFile; fileRef = C83BFB2E1F14C30B00D2ECBF /* CircleTopCell.swift */; };
		C83BFB311F14C30B00D2ECBF /* CircleTopCell.xib in Resources */ = {isa = PBXBuildFile; fileRef = C83BFB2F1F14C30B00D2ECBF /* CircleTopCell.xib */; };
		C83BFB341F14C6F200D2ECBF /* ShareDubModel.swift in Sources */ = {isa = PBXBuildFile; fileRef = C83BFB331F14C6F200D2ECBF /* ShareDubModel.swift */; };
		C83C6BAF1F0BDEFD002CD84C /* ShelfReadVCTwo.swift in Sources */ = {isa = PBXBuildFile; fileRef = C83C6BAD1F0BDEFD002CD84C /* ShelfReadVCTwo.swift */; };
		C83C6BB01F0BDEFD002CD84C /* ShelfReadVCTwo.xib in Resources */ = {isa = PBXBuildFile; fileRef = C83C6BAE1F0BDEFD002CD84C /* ShelfReadVCTwo.xib */; };
		C83C6BB31F0BE3DB002CD84C /* ReadContentVC.swift in Sources */ = {isa = PBXBuildFile; fileRef = C83C6BB11F0BE3DB002CD84C /* ReadContentVC.swift */; };
		C83C6BB41F0BE3DB002CD84C /* ReadContentVC.xib in Resources */ = {isa = PBXBuildFile; fileRef = C83C6BB21F0BE3DB002CD84C /* ReadContentVC.xib */; };
		C83E0E6D1F0337A300AC00FF /* PageContentCell.swift in Sources */ = {isa = PBXBuildFile; fileRef = C83E0E6B1F0337A300AC00FF /* PageContentCell.swift */; };
		C83E0E6E1F0337A300AC00FF /* PageContentCell.xib in Resources */ = {isa = PBXBuildFile; fileRef = C83E0E6C1F0337A300AC00FF /* PageContentCell.xib */; };
		C83E0E711F034CA200AC00FF /* ShelfReadVC.swift in Sources */ = {isa = PBXBuildFile; fileRef = C83E0E6F1F034CA200AC00FF /* ShelfReadVC.swift */; };
		C83E0E721F034CA200AC00FF /* ShelfReadVC.xib in Resources */ = {isa = PBXBuildFile; fileRef = C83E0E701F034CA200AC00FF /* ShelfReadVC.xib */; };
		C83E0E751F0355C000AC00FF /* BookLayout_OC.m in Sources */ = {isa = PBXBuildFile; fileRef = C83E0E741F0355C000AC00FF /* BookLayout_OC.m */; };
		C83E0E7B1F03868A00AC00FF /* ProductBookShelfDecorationView.m in Sources */ = {isa = PBXBuildFile; fileRef = C83E0E781F03868A00AC00FF /* ProductBookShelfDecorationView.m */; };
		C83E0E7C1F03868A00AC00FF /* ProductBookShelfFlowLayout.m in Sources */ = {isa = PBXBuildFile; fileRef = C83E0E7A1F03868A00AC00FF /* ProductBookShelfFlowLayout.m */; };
		C83E0E7E1F03A01800AC00FF /* BookShelfVC.xib in Resources */ = {isa = PBXBuildFile; fileRef = C83E0E7D1F03A01800AC00FF /* BookShelfVC.xib */; };
		C83E0E811F03A12A00AC00FF /* UserVC.swift in Sources */ = {isa = PBXBuildFile; fileRef = C83E0E7F1F03A12A00AC00FF /* UserVC.swift */; };
		C83E0E821F03A12A00AC00FF /* UserVC.xib in Resources */ = {isa = PBXBuildFile; fileRef = C83E0E801F03A12A00AC00FF /* UserVC.xib */; };
		C84651511F06285C00DE00F6 /* CALayer+JTXibBorderColor.swift in Sources */ = {isa = PBXBuildFile; fileRef = C84651501F06285C00DE00F6 /* CALayer+JTXibBorderColor.swift */; };
		C84651541F063D7100DE00F6 /* CommentVC.swift in Sources */ = {isa = PBXBuildFile; fileRef = C84651521F063D7100DE00F6 /* CommentVC.swift */; };
		C84651551F063D7100DE00F6 /* CommentVC.xib in Resources */ = {isa = PBXBuildFile; fileRef = C84651531F063D7100DE00F6 /* CommentVC.xib */; };
		C84A5CCF1EBC4F64009A9EB2 /* BookStoreCell.swift in Sources */ = {isa = PBXBuildFile; fileRef = C84A5CCD1EBC4F64009A9EB2 /* BookStoreCell.swift */; };
		C84A5CD01EBC4F64009A9EB2 /* BookStoreCell.xib in Resources */ = {isa = PBXBuildFile; fileRef = C84A5CCE1EBC4F64009A9EB2 /* BookStoreCell.xib */; };
		C84A5CD21EBC5C94009A9EB2 /* BookStoreViewModel.swift in Sources */ = {isa = PBXBuildFile; fileRef = C84A5CD11EBC5C94009A9EB2 /* BookStoreViewModel.swift */; };
		C84A5CD41EBC5FD9009A9EB2 /* Book.swift in Sources */ = {isa = PBXBuildFile; fileRef = C84A5CD31EBC5FD9009A9EB2 /* Book.swift */; };
		C84A5CD61EBC5FF5009A9EB2 /* channelModel.swift in Sources */ = {isa = PBXBuildFile; fileRef = C84A5CD51EBC5FF5009A9EB2 /* channelModel.swift */; };
		C84A5CDA1EBC7948009A9EB2 /* default_img.jpg in Resources */ = {isa = PBXBuildFile; fileRef = C84A5CD91EBC7948009A9EB2 /* default_img.jpg */; };
		C84A5CDD1EBC7DC8009A9EB2 /* BookCatagoryVC.swift in Sources */ = {isa = PBXBuildFile; fileRef = C84A5CDB1EBC7DC8009A9EB2 /* BookCatagoryVC.swift */; };
		C84A5CE11EBC7E60009A9EB2 /* BookDetailVC.swift in Sources */ = {isa = PBXBuildFile; fileRef = C84A5CDF1EBC7E60009A9EB2 /* BookDetailVC.swift */; };
		C84A5CE21EBC7E60009A9EB2 /* BookDetailVC.xib in Resources */ = {isa = PBXBuildFile; fileRef = C84A5CE01EBC7E60009A9EB2 /* BookDetailVC.xib */; };
		C84CD8011EFA6D6D00F08543 /* BookStoreLunboCell.swift in Sources */ = {isa = PBXBuildFile; fileRef = C84CD7FF1EFA6D6D00F08543 /* BookStoreLunboCell.swift */; };
		C84CD8021EFA6D6D00F08543 /* BookStoreLunboCell.xib in Resources */ = {isa = PBXBuildFile; fileRef = C84CD8001EFA6D6D00F08543 /* BookStoreLunboCell.xib */; };
		C84D16AF1EB9BE36004FC8F9 /* UIBarButtonItem+Category.swift in Sources */ = {isa = PBXBuildFile; fileRef = C84D16AE1EB9BE36004FC8F9 /* UIBarButtonItem+Category.swift */; };
		C84D16B11EB9C03E004FC8F9 /* UIColor+category.swift in Sources */ = {isa = PBXBuildFile; fileRef = C84D16B01EB9C03E004FC8F9 /* UIColor+category.swift */; };
		C84D16B31EB9DD7A004FC8F9 /* MainViewController.swift in Sources */ = {isa = PBXBuildFile; fileRef = C84D16B21EB9DD7A004FC8F9 /* MainViewController.swift */; };
		C8542F521EBB23FA00A44C70 /* CircleVC.swift in Sources */ = {isa = PBXBuildFile; fileRef = C8542F511EBB23FA00A44C70 /* CircleVC.swift */; };
		C8542F591EBB274300A44C70 /* ContentVC.swift in Sources */ = {isa = PBXBuildFile; fileRef = C8542F571EBB274300A44C70 /* ContentVC.swift */; };
		C8542F5A1EBB274300A44C70 /* ContentVC.xib in Resources */ = {isa = PBXBuildFile; fileRef = C8542F581EBB274300A44C70 /* ContentVC.xib */; };
		C8542F5C1EBB2B4400A44C70 /* CircleVC.xib in Resources */ = {isa = PBXBuildFile; fileRef = C8542F5B1EBB2B4400A44C70 /* CircleVC.xib */; };
		C856CF3E1EE941490047E96A /* JTDownLoadTool.swift in Sources */ = {isa = PBXBuildFile; fileRef = C856CF3D1EE941490047E96A /* JTDownLoadTool.swift */; };
		C85A0B871ED67FDE00940901 /* CommentHeaderCell.swift in Sources */ = {isa = PBXBuildFile; fileRef = C85A0B851ED67FDE00940901 /* CommentHeaderCell.swift */; };
		C85A0B881ED67FDE00940901 /* CommentHeaderCell.xib in Resources */ = {isa = PBXBuildFile; fileRef = C85A0B861ED67FDE00940901 /* CommentHeaderCell.xib */; };
		C85AF72E1EC30AE1002F8CD0 /* BookCatagoryVM.swift in Sources */ = {isa = PBXBuildFile; fileRef = C85AF72D1EC30AE1002F8CD0 /* BookCatagoryVM.swift */; };
		C85AF7301EC30D75002F8CD0 /* CatagoryModel.swift in Sources */ = {isa = PBXBuildFile; fileRef = C85AF72F1EC30D75002F8CD0 /* CatagoryModel.swift */; };
		C85AF7331EC31598002F8CD0 /* CatagorySonVC.swift in Sources */ = {isa = PBXBuildFile; fileRef = C85AF7311EC31597002F8CD0 /* CatagorySonVC.swift */; };
		C85AF7341EC31598002F8CD0 /* CatagorySonVC.xib in Resources */ = {isa = PBXBuildFile; fileRef = C85AF7321EC31598002F8CD0 /* CatagorySonVC.xib */; };
		C87B71191EB7819500D5A173 /* AppDelegate.swift in Sources */ = {isa = PBXBuildFile; fileRef = C87B71181EB7819500D5A173 /* AppDelegate.swift */; };
		C87B711B1EB7819500D5A173 /* ViewController.swift in Sources */ = {isa = PBXBuildFile; fileRef = C87B711A1EB7819500D5A173 /* ViewController.swift */; };
		C87B711E1EB7819500D5A173 /* Main.storyboard in Resources */ = {isa = PBXBuildFile; fileRef = C87B711C1EB7819500D5A173 /* Main.storyboard */; };
		C87B71211EB7819500D5A173 /* JTReader.xcdatamodeld in Sources */ = {isa = PBXBuildFile; fileRef = C87B711F1EB7819500D5A173 /* JTReader.xcdatamodeld */; };
		C87B71231EB7819500D5A173 /* Assets.xcassets in Resources */ = {isa = PBXBuildFile; fileRef = C87B71221EB7819500D5A173 /* Assets.xcassets */; };
		C87B71261EB7819500D5A173 /* LaunchScreen.storyboard in Resources */ = {isa = PBXBuildFile; fileRef = C87B71241EB7819500D5A173 /* LaunchScreen.storyboard */; };
		C8CEACC71EBEC0FF0028DCF6 /* JTCarouselView.swift in Sources */ = {isa = PBXBuildFile; fileRef = C8CEACC61EBEC0FF0028DCF6 /* JTCarouselView.swift */; };
		C8CEACCA1EBEE9310028DCF6 /* 默认_banner.jpg in Resources */ = {isa = PBXBuildFile; fileRef = C8CEACC91EBEE9310028DCF6 /* 默认_banner.jpg */; };
		C8CEACD21EBEFA620028DCF6 /* BookReadVC.swift in Sources */ = {isa = PBXBuildFile; fileRef = C8CEACD01EBEFA620028DCF6 /* BookReadVC.swift */; };
		C8CEACD31EBEFA620028DCF6 /* BookReadVC.xib in Resources */ = {isa = PBXBuildFile; fileRef = C8CEACD11EBEFA620028DCF6 /* BookReadVC.xib */; };
		C8CEACD61EBF13B60028DCF6 /* PageContentView.swift in Sources */ = {isa = PBXBuildFile; fileRef = C8CEACD41EBF13B60028DCF6 /* PageContentView.swift */; };
		C8CEACD71EBF13B60028DCF6 /* PageTitleView.swift in Sources */ = {isa = PBXBuildFile; fileRef = C8CEACD51EBF13B60028DCF6 /* PageTitleView.swift */; };
		C8D002251F0E8C2F0051B93F /* MJGifHeader.swift in Sources */ = {isa = PBXBuildFile; fileRef = C8D002241F0E8C2F0051B93F /* MJGifHeader.swift */; };
		C8D002271F0E8C4C0051B93F /* MJGifFooter.swift in Sources */ = {isa = PBXBuildFile; fileRef = C8D002261F0E8C4C0051B93F /* MJGifFooter.swift */; };
		C8D8BB9F1EE44C7B007BC167 /* CommentModel.swift in Sources */ = {isa = PBXBuildFile; fileRef = C8D8BB9E1EE44C7B007BC167 /* CommentModel.swift */; };
		C8E1D0A71EFCC08C000AF3FA /* SearchVC.swift in Sources */ = {isa = PBXBuildFile; fileRef = C8E1D0A51EFCC08C000AF3FA /* SearchVC.swift */; };
		C8E1D0A81EFCC08C000AF3FA /* SearchVC.xib in Resources */ = {isa = PBXBuildFile; fileRef = C8E1D0A61EFCC08C000AF3FA /* SearchVC.xib */; };
		C8E1D0AF1EFCFC1A000AF3FA /* SearchCell.swift in Sources */ = {isa = PBXBuildFile; fileRef = C8E1D0AD1EFCFC1A000AF3FA /* SearchCell.swift */; };
		C8E1D0B01EFCFC1A000AF3FA /* SearchCell.xib in Resources */ = {isa = PBXBuildFile; fileRef = C8E1D0AE1EFCFC1A000AF3FA /* SearchCell.xib */; };
		C8E623761F010333004E374D /* JTCoreDataTool.swift in Sources */ = {isa = PBXBuildFile; fileRef = C8E623751F010333004E374D /* JTCoreDataTool.swift */; };
		C8F4620A1EEFD88B00D561B4 /* DownLoadView.swift in Sources */ = {isa = PBXBuildFile; fileRef = C8F462091EEFD88B00D561B4 /* DownLoadView.swift */; };
		C8F812491ED55FB60048487F /* BookDetailTopCell.swift in Sources */ = {isa = PBXBuildFile; fileRef = C8F812471ED55FB60048487F /* BookDetailTopCell.swift */; };
		C8F8124A1ED55FB60048487F /* BookDetailTopCell.xib in Resources */ = {isa = PBXBuildFile; fileRef = C8F812481ED55FB60048487F /* BookDetailTopCell.xib */; };
		C8F812511ED55FF10048487F /* CommentCell.swift in Sources */ = {isa = PBXBuildFile; fileRef = C8F8124F1ED55FF10048487F /* CommentCell.swift */; };
		C8F812521ED55FF10048487F /* CommentCell.xib in Resources */ = {isa = PBXBuildFile; fileRef = C8F812501ED55FF10048487F /* CommentCell.xib */; };
/* End PBXBuildFile section */

/* Begin PBXFileReference section */
		47DD7DD96E3EE2EBEB16F3AF /* Pods_JTReader.framework */ = {isa = PBXFileReference; explicitFileType = wrapper.framework; includeInIndex = 0; path = Pods_JTReader.framework; sourceTree = BUILT_PRODUCTS_DIR; };
		A399FE0B58423B1F22133022 /* Pods-JTReader.debug.xcconfig */ = {isa = PBXFileReference; includeInIndex = 1; lastKnownFileType = text.xcconfig; name = "Pods-JTReader.debug.xcconfig"; path = "Pods/Target Support Files/Pods-JTReader/Pods-JTReader.debug.xcconfig"; sourceTree = "<group>"; };
		C0172CCC4F09BAA270C25847 /* Pods-JTReader.release.xcconfig */ = {isa = PBXFileReference; includeInIndex = 1; lastKnownFileType = text.xcconfig; name = "Pods-JTReader.release.xcconfig"; path = "Pods/Target Support Files/Pods-JTReader/Pods-JTReader.release.xcconfig"; sourceTree = "<group>"; };
		C809FBBD1EC3614B006CE0E7 /* BookCell.swift */ = {isa = PBXFileReference; fileEncoding = 4; lastKnownFileType = sourcecode.swift; path = BookCell.swift; sourceTree = "<group>"; };
		C809FBBE1EC3614B006CE0E7 /* BookCell.xib */ = {isa = PBXFileReference; fileEncoding = 4; lastKnownFileType = file.xib; path = BookCell.xib; sourceTree = "<group>"; };
		C8127B191EEA8A72008BFA8C /* JTReader-Bridging-Header.h */ = {isa = PBXFileReference; lastKnownFileType = sourcecode.c.h; path = "JTReader-Bridging-Header.h"; sourceTree = "<group>"; };
		C8127B1A1EEA8A73008BFA8C /* BaseObject.h */ = {isa = PBXFileReference; fileEncoding = 4; lastKnownFileType = sourcecode.c.h; path = BaseObject.h; sourceTree = "<group>"; };
		C8127B1B1EEA8A73008BFA8C /* BaseObject.m */ = {isa = PBXFileReference; fileEncoding = 4; lastKnownFileType = sourcecode.c.objc; path = BaseObject.m; sourceTree = "<group>"; };
		C813315E1EF927DD0081BDB4 /* PageContent.swift */ = {isa = PBXFileReference; fileEncoding = 4; lastKnownFileType = sourcecode.swift; path = PageContent.swift; sourceTree = "<group>"; };
		C81419C21F0CD8BB00E631CA /* LunboModel.swift */ = {isa = PBXFileReference; fileEncoding = 4; lastKnownFileType = sourcecode.swift; path = LunboModel.swift; sourceTree = "<group>"; };
		C81419C41F0CDE6100E631CA /* ActivityVC.swift */ = {isa = PBXFileReference; fileEncoding = 4; lastKnownFileType = sourcecode.swift; path = ActivityVC.swift; sourceTree = "<group>"; };
		C81419C51F0CDE6100E631CA /* ActivityVC.xib */ = {isa = PBXFileReference; fileEncoding = 4; lastKnownFileType = file.xib; path = ActivityVC.xib; sourceTree = "<group>"; };
		C81419D01F0CE5D500E631CA /* SettingVC.swift */ = {isa = PBXFileReference; fileEncoding = 4; lastKnownFileType = sourcecode.swift; path = SettingVC.swift; sourceTree = "<group>"; };
		C81419D11F0CE5D500E631CA /* SettingVC.xib */ = {isa = PBXFileReference; fileEncoding = 4; lastKnownFileType = file.xib; path = SettingVC.xib; sourceTree = "<group>"; };
		C81CA7871EF2CC5400E18847 /* JTDownLoadMode.swift */ = {isa = PBXFileReference; fileEncoding = 4; lastKnownFileType = sourcecode.swift; path = JTDownLoadMode.swift; sourceTree = "<group>"; };
		C821DC891F0F2B6C00A47ECC /* DubVC.swift */ = {isa = PBXFileReference; fileEncoding = 4; lastKnownFileType = sourcecode.swift; path = DubVC.swift; sourceTree = "<group>"; };
		C821DC8A1F0F2B6C00A47ECC /* DubVC.xib */ = {isa = PBXFileReference; fileEncoding = 4; lastKnownFileType = file.xib; path = DubVC.xib; sourceTree = "<group>"; };
		C8275DEC1EB8324F00B7D7E1 /* NetWorkTool.swift */ = {isa = PBXFileReference; fileEncoding = 4; lastKnownFileType = sourcecode.swift; path = NetWorkTool.swift; sourceTree = "<group>"; };
		C8275DEE1EB8327900B7D7E1 /* JTBaseViewController.swift */ = {isa = PBXFileReference; fileEncoding = 4; lastKnownFileType = sourcecode.swift; path = JTBaseViewController.swift; sourceTree = "<group>"; };
		C8275DF01EB86BE400B7D7E1 /* Common.swift */ = {isa = PBXFileReference; fileEncoding = 4; lastKnownFileType = sourcecode.swift; path = Common.swift; sourceTree = "<group>"; };
		C8275E041EB8807700B7D7E1 /* BookStoreVC.swift */ = {isa = PBXFileReference; fileEncoding = 4; lastKnownFileType = sourcecode.swift; path = BookStoreVC.swift; sourceTree = "<group>"; };
		C8275E051EB8807700B7D7E1 /* BookStoreVC.xib */ = {isa = PBXFileReference; fileEncoding = 4; lastKnownFileType = file.xib; path = BookStoreVC.xib; sourceTree = "<group>"; };
		C8275E081EB880A400B7D7E1 /* BookShelfVC.swift */ = {isa = PBXFileReference; fileEncoding = 4; lastKnownFileType = sourcecode.swift; path = BookShelfVC.swift; sourceTree = "<group>"; };
		C82E3AE61F13582900D327CC /* CircleTextCell.swift */ = {isa = PBXFileReference; fileEncoding = 4; lastKnownFileType = sourcecode.swift; path = CircleTextCell.swift; sourceTree = "<group>"; };
		C82E3AE71F13582900D327CC /* CircleTextCell.xib */ = {isa = PBXFileReference; fileEncoding = 4; lastKnownFileType = file.xib; path = CircleTextCell.xib; sourceTree = "<group>"; };
		C82E3AEA1F13583900D327CC /* CircleObjcCell.swift */ = {isa = PBXFileReference; fileEncoding = 4; lastKnownFileType = sourcecode.swift; path = CircleObjcCell.swift; sourceTree = "<group>"; };
		C82E3AEB1F13583900D327CC /* CircleObjcCell.xib */ = {isa = PBXFileReference; fileEncoding = 4; lastKnownFileType = file.xib; path = CircleObjcCell.xib; sourceTree = "<group>"; };
		C82E3AEE1F135CDB00D327CC /* CircleImageCell.swift */ = {isa = PBXFileReference; fileEncoding = 4; lastKnownFileType = sourcecode.swift; path = CircleImageCell.swift; sourceTree = "<group>"; };
		C82E3AEF1F135CDB00D327CC /* CircleImageCell.xib */ = {isa = PBXFileReference; fileEncoding = 4; lastKnownFileType = file.xib; path = CircleImageCell.xib; sourceTree = "<group>"; };
		C82E3AF31F137E5400D327CC /* CircleModel.swift */ = {isa = PBXFileReference; fileEncoding = 4; lastKnownFileType = sourcecode.swift; path = CircleModel.swift; sourceTree = "<group>"; };
		C83BFB2E1F14C30B00D2ECBF /* CircleTopCell.swift */ = {isa = PBXFileReference; fileEncoding = 4; lastKnownFileType = sourcecode.swift; path = CircleTopCell.swift; sourceTree = "<group>"; };
		C83BFB2F1F14C30B00D2ECBF /* CircleTopCell.xib */ = {isa = PBXFileReference; fileEncoding = 4; lastKnownFileType = file.xib; path = CircleTopCell.xib; sourceTree = "<group>"; };
		C83BFB331F14C6F200D2ECBF /* ShareDubModel.swift */ = {isa = PBXFileReference; fileEncoding = 4; lastKnownFileType = sourcecode.swift; path = ShareDubModel.swift; sourceTree = "<group>"; };
		C83C6BAD1F0BDEFD002CD84C /* ShelfReadVCTwo.swift */ = {isa = PBXFileReference; fileEncoding = 4; lastKnownFileType = sourcecode.swift; path = ShelfReadVCTwo.swift; sourceTree = "<group>"; };
		C83C6BAE1F0BDEFD002CD84C /* ShelfReadVCTwo.xib */ = {isa = PBXFileReference; fileEncoding = 4; lastKnownFileType = file.xib; path = ShelfReadVCTwo.xib; sourceTree = "<group>"; };
		C83C6BB11F0BE3DB002CD84C /* ReadContentVC.swift */ = {isa = PBXFileReference; fileEncoding = 4; lastKnownFileType = sourcecode.swift; path = ReadContentVC.swift; sourceTree = "<group>"; };
		C83C6BB21F0BE3DB002CD84C /* ReadContentVC.xib */ = {isa = PBXFileReference; fileEncoding = 4; lastKnownFileType = file.xib; path = ReadContentVC.xib; sourceTree = "<group>"; };
		C83E0E6B1F0337A300AC00FF /* PageContentCell.swift */ = {isa = PBXFileReference; fileEncoding = 4; lastKnownFileType = sourcecode.swift; path = PageContentCell.swift; sourceTree = "<group>"; };
		C83E0E6C1F0337A300AC00FF /* PageContentCell.xib */ = {isa = PBXFileReference; fileEncoding = 4; lastKnownFileType = file.xib; path = PageContentCell.xib; sourceTree = "<group>"; };
		C83E0E6F1F034CA200AC00FF /* ShelfReadVC.swift */ = {isa = PBXFileReference; fileEncoding = 4; lastKnownFileType = sourcecode.swift; path = ShelfReadVC.swift; sourceTree = "<group>"; };
		C83E0E701F034CA200AC00FF /* ShelfReadVC.xib */ = {isa = PBXFileReference; fileEncoding = 4; lastKnownFileType = file.xib; path = ShelfReadVC.xib; sourceTree = "<group>"; };
		C83E0E731F0355C000AC00FF /* BookLayout_OC.h */ = {isa = PBXFileReference; fileEncoding = 4; lastKnownFileType = sourcecode.c.h; path = BookLayout_OC.h; sourceTree = "<group>"; };
		C83E0E741F0355C000AC00FF /* BookLayout_OC.m */ = {isa = PBXFileReference; fileEncoding = 4; lastKnownFileType = sourcecode.c.objc; path = BookLayout_OC.m; sourceTree = "<group>"; };
		C83E0E771F03868A00AC00FF /* ProductBookShelfDecorationView.h */ = {isa = PBXFileReference; fileEncoding = 4; lastKnownFileType = sourcecode.c.h; path = ProductBookShelfDecorationView.h; sourceTree = "<group>"; };
		C83E0E781F03868A00AC00FF /* ProductBookShelfDecorationView.m */ = {isa = PBXFileReference; fileEncoding = 4; lastKnownFileType = sourcecode.c.objc; path = ProductBookShelfDecorationView.m; sourceTree = "<group>"; };
		C83E0E791F03868A00AC00FF /* ProductBookShelfFlowLayout.h */ = {isa = PBXFileReference; fileEncoding = 4; lastKnownFileType = sourcecode.c.h; path = ProductBookShelfFlowLayout.h; sourceTree = "<group>"; };
		C83E0E7A1F03868A00AC00FF /* ProductBookShelfFlowLayout.m */ = {isa = PBXFileReference; fileEncoding = 4; lastKnownFileType = sourcecode.c.objc; path = ProductBookShelfFlowLayout.m; sourceTree = "<group>"; };
		C83E0E7D1F03A01800AC00FF /* BookShelfVC.xib */ = {isa = PBXFileReference; fileEncoding = 4; lastKnownFileType = file.xib; path = BookShelfVC.xib; sourceTree = "<group>"; };
		C83E0E7F1F03A12A00AC00FF /* UserVC.swift */ = {isa = PBXFileReference; fileEncoding = 4; lastKnownFileType = sourcecode.swift; path = UserVC.swift; sourceTree = "<group>"; };
		C83E0E801F03A12A00AC00FF /* UserVC.xib */ = {isa = PBXFileReference; fileEncoding = 4; lastKnownFileType = file.xib; path = UserVC.xib; sourceTree = "<group>"; };
		C84651501F06285C00DE00F6 /* CALayer+JTXibBorderColor.swift */ = {isa = PBXFileReference; fileEncoding = 4; lastKnownFileType = sourcecode.swift; path = "CALayer+JTXibBorderColor.swift"; sourceTree = "<group>"; };
		C84651521F063D7100DE00F6 /* CommentVC.swift */ = {isa = PBXFileReference; fileEncoding = 4; lastKnownFileType = sourcecode.swift; path = CommentVC.swift; sourceTree = "<group>"; };
		C84651531F063D7100DE00F6 /* CommentVC.xib */ = {isa = PBXFileReference; fileEncoding = 4; lastKnownFileType = file.xib; path = CommentVC.xib; sourceTree = "<group>"; };
		C84A5CCD1EBC4F64009A9EB2 /* BookStoreCell.swift */ = {isa = PBXFileReference; fileEncoding = 4; lastKnownFileType = sourcecode.swift; path = BookStoreCell.swift; sourceTree = "<group>"; };
		C84A5CCE1EBC4F64009A9EB2 /* BookStoreCell.xib */ = {isa = PBXFileReference; fileEncoding = 4; lastKnownFileType = file.xib; path = BookStoreCell.xib; sourceTree = "<group>"; };
		C84A5CD11EBC5C94009A9EB2 /* BookStoreViewModel.swift */ = {isa = PBXFileReference; fileEncoding = 4; lastKnownFileType = sourcecode.swift; path = BookStoreViewModel.swift; sourceTree = "<group>"; };
		C84A5CD31EBC5FD9009A9EB2 /* Book.swift */ = {isa = PBXFileReference; fileEncoding = 4; lastKnownFileType = sourcecode.swift; path = Book.swift; sourceTree = "<group>"; };
		C84A5CD51EBC5FF5009A9EB2 /* channelModel.swift */ = {isa = PBXFileReference; fileEncoding = 4; lastKnownFileType = sourcecode.swift; path = channelModel.swift; sourceTree = "<group>"; };
		C84A5CD91EBC7948009A9EB2 /* default_img.jpg */ = {isa = PBXFileReference; lastKnownFileType = image.jpeg; path = default_img.jpg; sourceTree = "<group>"; };
		C84A5CDB1EBC7DC8009A9EB2 /* BookCatagoryVC.swift */ = {isa = PBXFileReference; fileEncoding = 4; lastKnownFileType = sourcecode.swift; path = BookCatagoryVC.swift; sourceTree = "<group>"; };
		C84A5CDF1EBC7E60009A9EB2 /* BookDetailVC.swift */ = {isa = PBXFileReference; fileEncoding = 4; lastKnownFileType = sourcecode.swift; path = BookDetailVC.swift; sourceTree = "<group>"; };
		C84A5CE01EBC7E60009A9EB2 /* BookDetailVC.xib */ = {isa = PBXFileReference; fileEncoding = 4; lastKnownFileType = file.xib; path = BookDetailVC.xib; sourceTree = "<group>"; };
		C84CD7FF1EFA6D6D00F08543 /* BookStoreLunboCell.swift */ = {isa = PBXFileReference; fileEncoding = 4; lastKnownFileType = sourcecode.swift; path = BookStoreLunboCell.swift; sourceTree = "<group>"; };
		C84CD8001EFA6D6D00F08543 /* BookStoreLunboCell.xib */ = {isa = PBXFileReference; fileEncoding = 4; lastKnownFileType = file.xib; path = BookStoreLunboCell.xib; sourceTree = "<group>"; };
		C84D16AE1EB9BE36004FC8F9 /* UIBarButtonItem+Category.swift */ = {isa = PBXFileReference; fileEncoding = 4; lastKnownFileType = sourcecode.swift; path = "UIBarButtonItem+Category.swift"; sourceTree = "<group>"; };
		C84D16B01EB9C03E004FC8F9 /* UIColor+category.swift */ = {isa = PBXFileReference; fileEncoding = 4; lastKnownFileType = sourcecode.swift; path = "UIColor+category.swift"; sourceTree = "<group>"; };
		C84D16B21EB9DD7A004FC8F9 /* MainViewController.swift */ = {isa = PBXFileReference; fileEncoding = 4; lastKnownFileType = sourcecode.swift; path = MainViewController.swift; sourceTree = "<group>"; };
		C8542F511EBB23FA00A44C70 /* CircleVC.swift */ = {isa = PBXFileReference; fileEncoding = 4; lastKnownFileType = sourcecode.swift; path = CircleVC.swift; sourceTree = "<group>"; };
		C8542F571EBB274300A44C70 /* ContentVC.swift */ = {isa = PBXFileReference; fileEncoding = 4; lastKnownFileType = sourcecode.swift; path = ContentVC.swift; sourceTree = "<group>"; };
		C8542F581EBB274300A44C70 /* ContentVC.xib */ = {isa = PBXFileReference; fileEncoding = 4; lastKnownFileType = file.xib; path = ContentVC.xib; sourceTree = "<group>"; };
		C8542F5B1EBB2B4400A44C70 /* CircleVC.xib */ = {isa = PBXFileReference; fileEncoding = 4; lastKnownFileType = file.xib; path = CircleVC.xib; sourceTree = "<group>"; };
		C856CF3D1EE941490047E96A /* JTDownLoadTool.swift */ = {isa = PBXFileReference; fileEncoding = 4; lastKnownFileType = sourcecode.swift; path = JTDownLoadTool.swift; sourceTree = "<group>"; };
		C85A0B851ED67FDE00940901 /* CommentHeaderCell.swift */ = {isa = PBXFileReference; fileEncoding = 4; lastKnownFileType = sourcecode.swift; path = CommentHeaderCell.swift; sourceTree = "<group>"; };
		C85A0B861ED67FDE00940901 /* CommentHeaderCell.xib */ = {isa = PBXFileReference; fileEncoding = 4; lastKnownFileType = file.xib; path = CommentHeaderCell.xib; sourceTree = "<group>"; };
		C85AF72D1EC30AE1002F8CD0 /* BookCatagoryVM.swift */ = {isa = PBXFileReference; fileEncoding = 4; lastKnownFileType = sourcecode.swift; path = BookCatagoryVM.swift; sourceTree = "<group>"; };
		C85AF72F1EC30D75002F8CD0 /* CatagoryModel.swift */ = {isa = PBXFileReference; fileEncoding = 4; lastKnownFileType = sourcecode.swift; path = CatagoryModel.swift; sourceTree = "<group>"; };
		C85AF7311EC31597002F8CD0 /* CatagorySonVC.swift */ = {isa = PBXFileReference; fileEncoding = 4; lastKnownFileType = sourcecode.swift; path = CatagorySonVC.swift; sourceTree = "<group>"; };
		C85AF7321EC31598002F8CD0 /* CatagorySonVC.xib */ = {isa = PBXFileReference; fileEncoding = 4; lastKnownFileType = file.xib; path = CatagorySonVC.xib; sourceTree = "<group>"; };
		C87B71151EB7819500D5A173 /* JTReader.app */ = {isa = PBXFileReference; explicitFileType = wrapper.application; includeInIndex = 0; path = JTReader.app; sourceTree = BUILT_PRODUCTS_DIR; };
		C87B71181EB7819500D5A173 /* AppDelegate.swift */ = {isa = PBXFileReference; lastKnownFileType = sourcecode.swift; path = AppDelegate.swift; sourceTree = "<group>"; };
		C87B711A1EB7819500D5A173 /* ViewController.swift */ = {isa = PBXFileReference; lastKnownFileType = sourcecode.swift; path = ViewController.swift; sourceTree = "<group>"; };
		C87B711D1EB7819500D5A173 /* Base */ = {isa = PBXFileReference; lastKnownFileType = file.storyboard; name = Base; path = Base.lproj/Main.storyboard; sourceTree = "<group>"; };
		C87B71201EB7819500D5A173 /* JTReader.xcdatamodel */ = {isa = PBXFileReference; lastKnownFileType = wrapper.xcdatamodel; path = JTReader.xcdatamodel; sourceTree = "<group>"; };
		C87B71221EB7819500D5A173 /* Assets.xcassets */ = {isa = PBXFileReference; lastKnownFileType = folder.assetcatalog; path = Assets.xcassets; sourceTree = "<group>"; };
		C87B71251EB7819500D5A173 /* Base */ = {isa = PBXFileReference; lastKnownFileType = file.storyboard; name = Base; path = Base.lproj/LaunchScreen.storyboard; sourceTree = "<group>"; };
		C87B71271EB7819500D5A173 /* Info.plist */ = {isa = PBXFileReference; lastKnownFileType = text.plist.xml; path = Info.plist; sourceTree = "<group>"; };
		C8CEACC61EBEC0FF0028DCF6 /* JTCarouselView.swift */ = {isa = PBXFileReference; fileEncoding = 4; lastKnownFileType = sourcecode.swift; path = JTCarouselView.swift; sourceTree = "<group>"; };
		C8CEACC91EBEE9310028DCF6 /* 默认_banner.jpg */ = {isa = PBXFileReference; lastKnownFileType = image.jpeg; path = "默认_banner.jpg"; sourceTree = "<group>"; };
		C8CEACD01EBEFA620028DCF6 /* BookReadVC.swift */ = {isa = PBXFileReference; fileEncoding = 4; lastKnownFileType = sourcecode.swift; path = BookReadVC.swift; sourceTree = "<group>"; };
		C8CEACD11EBEFA620028DCF6 /* BookReadVC.xib */ = {isa = PBXFileReference; fileEncoding = 4; lastKnownFileType = file.xib; path = BookReadVC.xib; sourceTree = "<group>"; };
		C8CEACD41EBF13B60028DCF6 /* PageContentView.swift */ = {isa = PBXFileReference; fileEncoding = 4; lastKnownFileType = sourcecode.swift; path = PageContentView.swift; sourceTree = "<group>"; };
		C8CEACD51EBF13B60028DCF6 /* PageTitleView.swift */ = {isa = PBXFileReference; fileEncoding = 4; lastKnownFileType = sourcecode.swift; path = PageTitleView.swift; sourceTree = "<group>"; };
		C8D002241F0E8C2F0051B93F /* MJGifHeader.swift */ = {isa = PBXFileReference; fileEncoding = 4; lastKnownFileType = sourcecode.swift; path = MJGifHeader.swift; sourceTree = "<group>"; };
		C8D002261F0E8C4C0051B93F /* MJGifFooter.swift */ = {isa = PBXFileReference; fileEncoding = 4; lastKnownFileType = sourcecode.swift; path = MJGifFooter.swift; sourceTree = "<group>"; };
		C8D8BB9E1EE44C7B007BC167 /* CommentModel.swift */ = {isa = PBXFileReference; fileEncoding = 4; lastKnownFileType = sourcecode.swift; path = CommentModel.swift; sourceTree = "<group>"; };
		C8E1D0A51EFCC08C000AF3FA /* SearchVC.swift */ = {isa = PBXFileReference; fileEncoding = 4; lastKnownFileType = sourcecode.swift; path = SearchVC.swift; sourceTree = "<group>"; };
		C8E1D0A61EFCC08C000AF3FA /* SearchVC.xib */ = {isa = PBXFileReference; fileEncoding = 4; lastKnownFileType = file.xib; path = SearchVC.xib; sourceTree = "<group>"; };
		C8E1D0AD1EFCFC1A000AF3FA /* SearchCell.swift */ = {isa = PBXFileReference; fileEncoding = 4; lastKnownFileType = sourcecode.swift; path = SearchCell.swift; sourceTree = "<group>"; };
		C8E1D0AE1EFCFC1A000AF3FA /* SearchCell.xib */ = {isa = PBXFileReference; fileEncoding = 4; lastKnownFileType = file.xib; path = SearchCell.xib; sourceTree = "<group>"; };
		C8E623751F010333004E374D /* JTCoreDataTool.swift */ = {isa = PBXFileReference; fileEncoding = 4; lastKnownFileType = sourcecode.swift; path = JTCoreDataTool.swift; sourceTree = "<group>"; };
		C8F462091EEFD88B00D561B4 /* DownLoadView.swift */ = {isa = PBXFileReference; fileEncoding = 4; lastKnownFileType = sourcecode.swift; path = DownLoadView.swift; sourceTree = "<group>"; };
		C8F812471ED55FB60048487F /* BookDetailTopCell.swift */ = {isa = PBXFileReference; fileEncoding = 4; lastKnownFileType = sourcecode.swift; path = BookDetailTopCell.swift; sourceTree = "<group>"; };
		C8F812481ED55FB60048487F /* BookDetailTopCell.xib */ = {isa = PBXFileReference; fileEncoding = 4; lastKnownFileType = file.xib; path = BookDetailTopCell.xib; sourceTree = "<group>"; };
		C8F8124F1ED55FF10048487F /* CommentCell.swift */ = {isa = PBXFileReference; fileEncoding = 4; lastKnownFileType = sourcecode.swift; path = CommentCell.swift; sourceTree = "<group>"; };
		C8F812501ED55FF10048487F /* CommentCell.xib */ = {isa = PBXFileReference; fileEncoding = 4; lastKnownFileType = file.xib; path = CommentCell.xib; sourceTree = "<group>"; };
/* End PBXFileReference section */

/* Begin PBXFrameworksBuildPhase section */
		C87B71121EB7819500D5A173 /* Frameworks */ = {
			isa = PBXFrameworksBuildPhase;
			buildActionMask = 2147483647;
			files = (
				098F253327F05FD3520A8E83 /* Pods_JTReader.framework in Frameworks */,
			);
			runOnlyForDeploymentPostprocessing = 0;
		};
/* End PBXFrameworksBuildPhase section */

/* Begin PBXGroup section */
		30A805F0E29AE5EDEAA29F97 /* Frameworks */ = {
			isa = PBXGroup;
			children = (
				47DD7DD96E3EE2EBEB16F3AF /* Pods_JTReader.framework */,
			);
			name = Frameworks;
			sourceTree = "<group>";
		};
		B9A606CD5F84CD9B69EE37AB /* Pods */ = {
			isa = PBXGroup;
			children = (
				A399FE0B58423B1F22133022 /* Pods-JTReader.debug.xcconfig */,
				C0172CCC4F09BAA270C25847 /* Pods-JTReader.release.xcconfig */,
			);
			name = Pods;
			sourceTree = "<group>";
		};
		C8275DEA1EB82F7700B7D7E1 /* Classes */ = {
			isa = PBXGroup;
			children = (
				C8542F571EBB274300A44C70 /* ContentVC.swift */,
				C8542F581EBB274300A44C70 /* ContentVC.xib */,
				C8275DF21EB87D2500B7D7E1 /* BookShelf */,
				C8275DF71EB87D2500B7D7E1 /* BookStore */,
				C8275DFC1EB87D2500B7D7E1 /* UserCenter */,
				C8CEACCB1EBEFA210028DCF6 /* Read */,
				C8E1D0A01EFCB4C3000AF3FA /* Search */,
				C8542F4C1EBB23D200A44C70 /* Circle */,
			);
			path = Classes;
			sourceTree = "<group>";
		};
		C8275DEB1EB82F7700B7D7E1 /* Tools */ = {
			isa = PBXGroup;
			children = (
				C8D002231F0E8BDD0051B93F /* MJRefreshDIY */,
				C8127B1A1EEA8A73008BFA8C /* BaseObject.h */,
				C8127B1B1EEA8A73008BFA8C /* BaseObject.m */,
				C8275E011EB87D7900B7D7E1 /* Extension */,
				C8275DEC1EB8324F00B7D7E1 /* NetWorkTool.swift */,
				C8275DF01EB86BE400B7D7E1 /* Common.swift */,
				C856CF3D1EE941490047E96A /* JTDownLoadTool.swift */,
				C81CA7871EF2CC5400E18847 /* JTDownLoadMode.swift */,
				C8E623751F010333004E374D /* JTCoreDataTool.swift */,
				C8127B191EEA8A72008BFA8C /* JTReader-Bridging-Header.h */,
			);
			path = Tools;
			sourceTree = "<group>";
		};
		C8275DF21EB87D2500B7D7E1 /* BookShelf */ = {
			isa = PBXGroup;
			children = (
				C8275DF41EB87D2500B7D7E1 /* Model */,
				C8275DF51EB87D2500B7D7E1 /* View */,
				C8275DF61EB87D2500B7D7E1 /* ViewModel */,
				C8275DF31EB87D2500B7D7E1 /* Controller */,
			);
			path = BookShelf;
			sourceTree = "<group>";
		};
		C8275DF31EB87D2500B7D7E1 /* Controller */ = {
			isa = PBXGroup;
			children = (
				C8275E081EB880A400B7D7E1 /* BookShelfVC.swift */,
				C83E0E7D1F03A01800AC00FF /* BookShelfVC.xib */,
				C83E0E6F1F034CA200AC00FF /* ShelfReadVC.swift */,
				C83E0E701F034CA200AC00FF /* ShelfReadVC.xib */,
				C83C6BAD1F0BDEFD002CD84C /* ShelfReadVCTwo.swift */,
				C83C6BAE1F0BDEFD002CD84C /* ShelfReadVCTwo.xib */,
				C83C6BB11F0BE3DB002CD84C /* ReadContentVC.swift */,
				C83C6BB21F0BE3DB002CD84C /* ReadContentVC.xib */,
			);
			path = Controller;
			sourceTree = "<group>";
		};
		C8275DF41EB87D2500B7D7E1 /* Model */ = {
			isa = PBXGroup;
			children = (
			);
			path = Model;
			sourceTree = "<group>";
		};
		C8275DF51EB87D2500B7D7E1 /* View */ = {
			isa = PBXGroup;
			children = (
				C83E0E761F03868A00AC00FF /* FollowLayout */,
				C83E0E731F0355C000AC00FF /* BookLayout_OC.h */,
				C83E0E741F0355C000AC00FF /* BookLayout_OC.m */,
				C83E0E6B1F0337A300AC00FF /* PageContentCell.swift */,
				C83E0E6C1F0337A300AC00FF /* PageContentCell.xib */,
			);
			path = View;
			sourceTree = "<group>";
		};
		C8275DF61EB87D2500B7D7E1 /* ViewModel */ = {
			isa = PBXGroup;
			children = (
			);
			path = ViewModel;
			sourceTree = "<group>";
		};
		C8275DF71EB87D2500B7D7E1 /* BookStore */ = {
			isa = PBXGroup;
			children = (
				C8275DF91EB87D2500B7D7E1 /* Model */,
				C8275DFA1EB87D2500B7D7E1 /* View */,
				C8275DFB1EB87D2500B7D7E1 /* ViewModel */,
				C8275DF81EB87D2500B7D7E1 /* Controller */,
			);
			path = BookStore;
			sourceTree = "<group>";
		};
		C8275DF81EB87D2500B7D7E1 /* Controller */ = {
			isa = PBXGroup;
			children = (
				C8275E041EB8807700B7D7E1 /* BookStoreVC.swift */,
				C8275E051EB8807700B7D7E1 /* BookStoreVC.xib */,
				C81419C41F0CDE6100E631CA /* ActivityVC.swift */,
				C81419C51F0CDE6100E631CA /* ActivityVC.xib */,
				C84A5CDB1EBC7DC8009A9EB2 /* BookCatagoryVC.swift */,
				C85AF7311EC31597002F8CD0 /* CatagorySonVC.swift */,
				C85AF7321EC31598002F8CD0 /* CatagorySonVC.xib */,
				C84A5CDF1EBC7E60009A9EB2 /* BookDetailVC.swift */,
				C84A5CE01EBC7E60009A9EB2 /* BookDetailVC.xib */,
				C84651521F063D7100DE00F6 /* CommentVC.swift */,
				C84651531F063D7100DE00F6 /* CommentVC.xib */,
			);
			path = Controller;
			sourceTree = "<group>";
		};
		C8275DF91EB87D2500B7D7E1 /* Model */ = {
			isa = PBXGroup;
			children = (
				C84A5CD31EBC5FD9009A9EB2 /* Book.swift */,
				C84A5CD51EBC5FF5009A9EB2 /* channelModel.swift */,
				C85AF72F1EC30D75002F8CD0 /* CatagoryModel.swift */,
				C8D8BB9E1EE44C7B007BC167 /* CommentModel.swift */,
				C81419C21F0CD8BB00E631CA /* LunboModel.swift */,
			);
			path = Model;
			sourceTree = "<group>";
		};
		C8275DFA1EB87D2500B7D7E1 /* View */ = {
			isa = PBXGroup;
			children = (
				C8CEACD51EBF13B60028DCF6 /* PageTitleView.swift */,
				C8CEACD41EBF13B60028DCF6 /* PageContentView.swift */,
				C84CD7FF1EFA6D6D00F08543 /* BookStoreLunboCell.swift */,
				C84CD8001EFA6D6D00F08543 /* BookStoreLunboCell.xib */,
				C84A5CCD1EBC4F64009A9EB2 /* BookStoreCell.swift */,
				C84A5CCE1EBC4F64009A9EB2 /* BookStoreCell.xib */,
				C809FBBD1EC3614B006CE0E7 /* BookCell.swift */,
				C809FBBE1EC3614B006CE0E7 /* BookCell.xib */,
				C8CEACC61EBEC0FF0028DCF6 /* JTCarouselView.swift */,
				C8F812471ED55FB60048487F /* BookDetailTopCell.swift */,
				C8F812481ED55FB60048487F /* BookDetailTopCell.xib */,
				C85A0B851ED67FDE00940901 /* CommentHeaderCell.swift */,
				C85A0B861ED67FDE00940901 /* CommentHeaderCell.xib */,
				C8F8124F1ED55FF10048487F /* CommentCell.swift */,
				C8F812501ED55FF10048487F /* CommentCell.xib */,
			);
			path = View;
			sourceTree = "<group>";
		};
		C8275DFB1EB87D2500B7D7E1 /* ViewModel */ = {
			isa = PBXGroup;
			children = (
				C84A5CD11EBC5C94009A9EB2 /* BookStoreViewModel.swift */,
				C85AF72D1EC30AE1002F8CD0 /* BookCatagoryVM.swift */,
			);
			path = ViewModel;
			sourceTree = "<group>";
		};
		C8275DFC1EB87D2500B7D7E1 /* UserCenter */ = {
			isa = PBXGroup;
			children = (
				C8275DFE1EB87D2500B7D7E1 /* Model */,
				C8275DFF1EB87D2500B7D7E1 /* View */,
				C8275E001EB87D2500B7D7E1 /* ViewModel */,
				C8275DFD1EB87D2500B7D7E1 /* Controller */,
			);
			path = UserCenter;
			sourceTree = "<group>";
		};
		C8275DFD1EB87D2500B7D7E1 /* Controller */ = {
			isa = PBXGroup;
			children = (
				C83E0E7F1F03A12A00AC00FF /* UserVC.swift */,
				C83E0E801F03A12A00AC00FF /* UserVC.xib */,
				C81419D01F0CE5D500E631CA /* SettingVC.swift */,
				C81419D11F0CE5D500E631CA /* SettingVC.xib */,
			);
			path = Controller;
			sourceTree = "<group>";
		};
		C8275DFE1EB87D2500B7D7E1 /* Model */ = {
			isa = PBXGroup;
			children = (
			);
			path = Model;
			sourceTree = "<group>";
		};
		C8275DFF1EB87D2500B7D7E1 /* View */ = {
			isa = PBXGroup;
			children = (
			);
			path = View;
			sourceTree = "<group>";
		};
		C8275E001EB87D2500B7D7E1 /* ViewModel */ = {
			isa = PBXGroup;
			children = (
			);
			path = ViewModel;
			sourceTree = "<group>";
		};
		C8275E011EB87D7900B7D7E1 /* Extension */ = {
			isa = PBXGroup;
			children = (
				C84D16AE1EB9BE36004FC8F9 /* UIBarButtonItem+Category.swift */,
				C84D16B01EB9C03E004FC8F9 /* UIColor+category.swift */,
				C84651501F06285C00DE00F6 /* CALayer+JTXibBorderColor.swift */,
			);
			path = Extension;
			sourceTree = "<group>";
		};
		C8275E031EB87DEC00B7D7E1 /* Models */ = {
			isa = PBXGroup;
			children = (
			);
			path = Models;
			sourceTree = "<group>";
		};
		C83E0E761F03868A00AC00FF /* FollowLayout */ = {
			isa = PBXGroup;
			children = (
				C83E0E771F03868A00AC00FF /* ProductBookShelfDecorationView.h */,
				C83E0E781F03868A00AC00FF /* ProductBookShelfDecorationView.m */,
				C83E0E791F03868A00AC00FF /* ProductBookShelfFlowLayout.h */,
				C83E0E7A1F03868A00AC00FF /* ProductBookShelfFlowLayout.m */,
			);
			path = FollowLayout;
			sourceTree = "<group>";
		};
		C84A5CD81EBC7943009A9EB2 /* Resource */ = {
			isa = PBXGroup;
			children = (
				C8CEACC91EBEE9310028DCF6 /* 默认_banner.jpg */,
				C84A5CD91EBC7948009A9EB2 /* default_img.jpg */,
			);
			path = Resource;
			sourceTree = "<group>";
		};
		C8542F4C1EBB23D200A44C70 /* Circle */ = {
			isa = PBXGroup;
			children = (
				C8542F4E1EBB23D200A44C70 /* Model */,
				C8542F4F1EBB23D200A44C70 /* View */,
				C8542F501EBB23D200A44C70 /* ViewModel */,
				C8542F4D1EBB23D200A44C70 /* Controller */,
			);
			path = Circle;
			sourceTree = "<group>";
		};
		C8542F4D1EBB23D200A44C70 /* Controller */ = {
			isa = PBXGroup;
			children = (
				C8542F511EBB23FA00A44C70 /* CircleVC.swift */,
				C8542F5B1EBB2B4400A44C70 /* CircleVC.xib */,
			);
			path = Controller;
			sourceTree = "<group>";
		};
		C8542F4E1EBB23D200A44C70 /* Model */ = {
			isa = PBXGroup;
			children = (
				C82E3AF31F137E5400D327CC /* CircleModel.swift */,
				C83BFB331F14C6F200D2ECBF /* ShareDubModel.swift */,
			);
			path = Model;
			sourceTree = "<group>";
		};
		C8542F4F1EBB23D200A44C70 /* View */ = {
			isa = PBXGroup;
			children = (
				C83BFB2E1F14C30B00D2ECBF /* CircleTopCell.swift */,
				C83BFB2F1F14C30B00D2ECBF /* CircleTopCell.xib */,
				C82E3AE61F13582900D327CC /* CircleTextCell.swift */,
				C82E3AE71F13582900D327CC /* CircleTextCell.xib */,
				C82E3AEE1F135CDB00D327CC /* CircleImageCell.swift */,
				C82E3AEF1F135CDB00D327CC /* CircleImageCell.xib */,
				C82E3AEA1F13583900D327CC /* CircleObjcCell.swift */,
				C82E3AEB1F13583900D327CC /* CircleObjcCell.xib */,
			);
			path = View;
			sourceTree = "<group>";
		};
		C8542F501EBB23D200A44C70 /* ViewModel */ = {
			isa = PBXGroup;
			children = (
			);
			path = ViewModel;
			sourceTree = "<group>";
		};
		C87B710C1EB7819500D5A173 = {
			isa = PBXGroup;
			children = (
				C87B71171EB7819500D5A173 /* JTReader */,
				C87B71161EB7819500D5A173 /* Products */,
				B9A606CD5F84CD9B69EE37AB /* Pods */,
				30A805F0E29AE5EDEAA29F97 /* Frameworks */,
			);
			sourceTree = "<group>";
		};
		C87B71161EB7819500D5A173 /* Products */ = {
			isa = PBXGroup;
			children = (
				C87B71151EB7819500D5A173 /* JTReader.app */,
			);
			name = Products;
			sourceTree = "<group>";
		};
		C87B71171EB7819500D5A173 /* JTReader */ = {
			isa = PBXGroup;
			children = (
				C87B71181EB7819500D5A173 /* AppDelegate.swift */,
				C87B711A1EB7819500D5A173 /* ViewController.swift */,
				C8275DEE1EB8327900B7D7E1 /* JTBaseViewController.swift */,
				C84D16B21EB9DD7A004FC8F9 /* MainViewController.swift */,
				C87B711C1EB7819500D5A173 /* Main.storyboard */,
				C84A5CD81EBC7943009A9EB2 /* Resource */,
				C8275DEA1EB82F7700B7D7E1 /* Classes */,
				C8275DEB1EB82F7700B7D7E1 /* Tools */,
				C8275E031EB87DEC00B7D7E1 /* Models */,
				C87B71221EB7819500D5A173 /* Assets.xcassets */,
				C87B71241EB7819500D5A173 /* LaunchScreen.storyboard */,
				C87B71271EB7819500D5A173 /* Info.plist */,
				C87B711F1EB7819500D5A173 /* JTReader.xcdatamodeld */,
			);
			path = JTReader;
			sourceTree = "<group>";
		};
		C8CEACCB1EBEFA210028DCF6 /* Read */ = {
			isa = PBXGroup;
			children = (
				C8CEACCD1EBEFA3E0028DCF6 /* Model */,
				C8CEACCE1EBEFA3E0028DCF6 /* View */,
				C8CEACCF1EBEFA3E0028DCF6 /* ViewModel */,
				C8CEACCC1EBEFA3E0028DCF6 /* Controller */,
			);
			path = Read;
			sourceTree = "<group>";
		};
		C8CEACCC1EBEFA3E0028DCF6 /* Controller */ = {
			isa = PBXGroup;
			children = (
				C8CEACD01EBEFA620028DCF6 /* BookReadVC.swift */,
				C8CEACD11EBEFA620028DCF6 /* BookReadVC.xib */,
				C821DC891F0F2B6C00A47ECC /* DubVC.swift */,
				C821DC8A1F0F2B6C00A47ECC /* DubVC.xib */,
			);
			path = Controller;
			sourceTree = "<group>";
		};
		C8CEACCD1EBEFA3E0028DCF6 /* Model */ = {
			isa = PBXGroup;
			children = (
				C813315E1EF927DD0081BDB4 /* PageContent.swift */,
			);
			path = Model;
			sourceTree = "<group>";
		};
		C8CEACCE1EBEFA3E0028DCF6 /* View */ = {
			isa = PBXGroup;
			children = (
				C8F462091EEFD88B00D561B4 /* DownLoadView.swift */,
			);
			path = View;
			sourceTree = "<group>";
		};
		C8CEACCF1EBEFA3E0028DCF6 /* ViewModel */ = {
			isa = PBXGroup;
			children = (
			);
			path = ViewModel;
			sourceTree = "<group>";
		};
		C8D002231F0E8BDD0051B93F /* MJRefreshDIY */ = {
			isa = PBXGroup;
			children = (
				C8D002241F0E8C2F0051B93F /* MJGifHeader.swift */,
				C8D002261F0E8C4C0051B93F /* MJGifFooter.swift */,
			);
			path = MJRefreshDIY;
			sourceTree = "<group>";
		};
		C8E1D0A01EFCB4C3000AF3FA /* Search */ = {
			isa = PBXGroup;
			children = (
				C8E1D0A21EFCB4C3000AF3FA /* Model */,
				C8E1D0A31EFCB4C3000AF3FA /* View */,
				C8E1D0A41EFCB4C3000AF3FA /* ViewModel */,
				C8E1D0A11EFCB4C3000AF3FA /* Controller */,
			);
			path = Search;
			sourceTree = "<group>";
		};
		C8E1D0A11EFCB4C3000AF3FA /* Controller */ = {
			isa = PBXGroup;
			children = (
				C8E1D0A51EFCC08C000AF3FA /* SearchVC.swift */,
				C8E1D0A61EFCC08C000AF3FA /* SearchVC.xib */,
			);
			path = Controller;
			sourceTree = "<group>";
		};
		C8E1D0A21EFCB4C3000AF3FA /* Model */ = {
			isa = PBXGroup;
			children = (
			);
			path = Model;
			sourceTree = "<group>";
		};
		C8E1D0A31EFCB4C3000AF3FA /* View */ = {
			isa = PBXGroup;
			children = (
				C8E1D0AD1EFCFC1A000AF3FA /* SearchCell.swift */,
				C8E1D0AE1EFCFC1A000AF3FA /* SearchCell.xib */,
			);
			path = View;
			sourceTree = "<group>";
		};
		C8E1D0A41EFCB4C3000AF3FA /* ViewModel */ = {
			isa = PBXGroup;
			children = (
			);
			path = ViewModel;
			sourceTree = "<group>";
		};
/* End PBXGroup section */

/* Begin PBXNativeTarget section */
		C87B71141EB7819500D5A173 /* JTReader */ = {
			isa = PBXNativeTarget;
			buildConfigurationList = C87B712A1EB7819500D5A173 /* Build configuration list for PBXNativeTarget "JTReader" */;
			buildPhases = (
				1BEE5EA11B1463976098E295 /* [CP] Check Pods Manifest.lock */,
				C87B71111EB7819500D5A173 /* Sources */,
				C87B71121EB7819500D5A173 /* Frameworks */,
				C87B71131EB7819500D5A173 /* Resources */,
				56C869E616A8259565CFB44E /* [CP] Embed Pods Frameworks */,
				18C14A7EE5D0116097CE48A5 /* [CP] Copy Pods Resources */,
			);
			buildRules = (
			);
			dependencies = (
			);
			name = JTReader;
			productName = JTReader;
			productReference = C87B71151EB7819500D5A173 /* JTReader.app */;
			productType = "com.apple.product-type.application";
		};
/* End PBXNativeTarget section */

/* Begin PBXProject section */
		C87B710D1EB7819500D5A173 /* Project object */ = {
			isa = PBXProject;
			attributes = {
				LastSwiftUpdateCheck = 0830;
				LastUpgradeCheck = 0830;
				ORGANIZATIONNAME = jiangT;
				TargetAttributes = {
					C87B71141EB7819500D5A173 = {
						CreatedOnToolsVersion = 8.3.2;
						DevelopmentTeam = 54598H6C5X;
						LastSwiftMigration = 0830;
						ProvisioningStyle = Automatic;
					};
				};
			};
			buildConfigurationList = C87B71101EB7819500D5A173 /* Build configuration list for PBXProject "JTReader" */;
			compatibilityVersion = "Xcode 3.2";
			developmentRegion = English;
			hasScannedForEncodings = 0;
			knownRegions = (
				en,
				Base,
			);
			mainGroup = C87B710C1EB7819500D5A173;
			productRefGroup = C87B71161EB7819500D5A173 /* Products */;
			projectDirPath = "";
			projectRoot = "";
			targets = (
				C87B71141EB7819500D5A173 /* JTReader */,
			);
		};
/* End PBXProject section */

/* Begin PBXResourcesBuildPhase section */
		C87B71131EB7819500D5A173 /* Resources */ = {
			isa = PBXResourcesBuildPhase;
			buildActionMask = 2147483647;
			files = (
				C83C6BB41F0BE3DB002CD84C /* ReadContentVC.xib in Resources */,
				C87B71261EB7819500D5A173 /* LaunchScreen.storyboard in Resources */,
				C8542F5A1EBB274300A44C70 /* ContentVC.xib in Resources */,
				C85A0B881ED67FDE00940901 /* CommentHeaderCell.xib in Resources */,
				C84A5CE21EBC7E60009A9EB2 /* BookDetailVC.xib in Resources */,
				C81419D31F0CE5D500E631CA /* SettingVC.xib in Resources */,
				C83E0E721F034CA200AC00FF /* ShelfReadVC.xib in Resources */,
				C8F812521ED55FF10048487F /* CommentCell.xib in Resources */,
				C8275E071EB8807700B7D7E1 /* BookStoreVC.xib in Resources */,
				C87B71231EB7819500D5A173 /* Assets.xcassets in Resources */,
				C82E3AED1F13583900D327CC /* CircleObjcCell.xib in Resources */,
				C85AF7341EC31598002F8CD0 /* CatagorySonVC.xib in Resources */,
				C8E1D0A81EFCC08C000AF3FA /* SearchVC.xib in Resources */,
				C84651551F063D7100DE00F6 /* CommentVC.xib in Resources */,
				C83E0E821F03A12A00AC00FF /* UserVC.xib in Resources */,
				C82E3AE91F13582900D327CC /* CircleTextCell.xib in Resources */,
				C84A5CD01EBC4F64009A9EB2 /* BookStoreCell.xib in Resources */,
				C8CEACD31EBEFA620028DCF6 /* BookReadVC.xib in Resources */,
				C83E0E7E1F03A01800AC00FF /* BookShelfVC.xib in Resources */,
				C8542F5C1EBB2B4400A44C70 /* CircleVC.xib in Resources */,
				C83C6BB01F0BDEFD002CD84C /* ShelfReadVCTwo.xib in Resources */,
				C87B711E1EB7819500D5A173 /* Main.storyboard in Resources */,
				C84CD8021EFA6D6D00F08543 /* BookStoreLunboCell.xib in Resources */,
				C809FBC01EC3614B006CE0E7 /* BookCell.xib in Resources */,
				C8F8124A1ED55FB60048487F /* BookDetailTopCell.xib in Resources */,
				C82E3AF11F135CDB00D327CC /* CircleImageCell.xib in Resources */,
				C83E0E6E1F0337A300AC00FF /* PageContentCell.xib in Resources */,
				C8E1D0B01EFCFC1A000AF3FA /* SearchCell.xib in Resources */,
				C83BFB311F14C30B00D2ECBF /* CircleTopCell.xib in Resources */,
				C81419C71F0CDE6100E631CA /* ActivityVC.xib in Resources */,
				C8CEACCA1EBEE9310028DCF6 /* 默认_banner.jpg in Resources */,
				C821DC8C1F0F2B6C00A47ECC /* DubVC.xib in Resources */,
				C84A5CDA1EBC7948009A9EB2 /* default_img.jpg in Resources */,
			);
			runOnlyForDeploymentPostprocessing = 0;
		};
/* End PBXResourcesBuildPhase section */

/* Begin PBXShellScriptBuildPhase section */
		18C14A7EE5D0116097CE48A5 /* [CP] Copy Pods Resources */ = {
			isa = PBXShellScriptBuildPhase;
			buildActionMask = 2147483647;
			files = (
			);
			inputPaths = (
			);
			name = "[CP] Copy Pods Resources";
			outputPaths = (
			);
			runOnlyForDeploymentPostprocessing = 0;
			shellPath = /bin/sh;
			shellScript = "\"${SRCROOT}/Pods/Target Support Files/Pods-JTReader/Pods-JTReader-resources.sh\"\n";
			showEnvVarsInLog = 0;
		};
		1BEE5EA11B1463976098E295 /* [CP] Check Pods Manifest.lock */ = {
			isa = PBXShellScriptBuildPhase;
			buildActionMask = 2147483647;
			files = (
			);
			inputPaths = (
			);
			name = "[CP] Check Pods Manifest.lock";
			outputPaths = (
			);
			runOnlyForDeploymentPostprocessing = 0;
			shellPath = /bin/sh;
			shellScript = "diff \"${PODS_ROOT}/../Podfile.lock\" \"${PODS_ROOT}/Manifest.lock\" > /dev/null\nif [ $? != 0 ] ; then\n    # print error to STDERR\n    echo \"error: The sandbox is not in sync with the Podfile.lock. Run 'pod install' or update your CocoaPods installation.\" >&2\n    exit 1\nfi\n";
			showEnvVarsInLog = 0;
		};
		56C869E616A8259565CFB44E /* [CP] Embed Pods Frameworks */ = {
			isa = PBXShellScriptBuildPhase;
			buildActionMask = 2147483647;
			files = (
			);
			inputPaths = (
			);
			name = "[CP] Embed Pods Frameworks";
			outputPaths = (
			);
			runOnlyForDeploymentPostprocessing = 0;
			shellPath = /bin/sh;
			shellScript = "\"${SRCROOT}/Pods/Target Support Files/Pods-JTReader/Pods-JTReader-frameworks.sh\"\n";
			showEnvVarsInLog = 0;
		};
/* End PBXShellScriptBuildPhase section */

/* Begin PBXSourcesBuildPhase section */
		C87B71111EB7819500D5A173 /* Sources */ = {
			isa = PBXSourcesBuildPhase;
			buildActionMask = 2147483647;
			files = (
				C84A5CD61EBC5FF5009A9EB2 /* channelModel.swift in Sources */,
				C83E0E6D1F0337A300AC00FF /* PageContentCell.swift in Sources */,
				C84651511F06285C00DE00F6 /* CALayer+JTXibBorderColor.swift in Sources */,
				C85AF7331EC31598002F8CD0 /* CatagorySonVC.swift in Sources */,
				C83C6BB31F0BE3DB002CD84C /* ReadContentVC.swift in Sources */,
				C81419D21F0CE5D500E631CA /* SettingVC.swift in Sources */,
				C84A5CDD1EBC7DC8009A9EB2 /* BookCatagoryVC.swift in Sources */,
				C8CEACC71EBEC0FF0028DCF6 /* JTCarouselView.swift in Sources */,
				C84651541F063D7100DE00F6 /* CommentVC.swift in Sources */,
				C84A5CD41EBC5FD9009A9EB2 /* Book.swift in Sources */,
				C81419C61F0CDE6100E631CA /* ActivityVC.swift in Sources */,
				C8F812511ED55FF10048487F /* CommentCell.swift in Sources */,
				C84A5CD21EBC5C94009A9EB2 /* BookStoreViewModel.swift in Sources */,
				C81CA7881EF2CC5400E18847 /* JTDownLoadMode.swift in Sources */,
				C8D002271F0E8C4C0051B93F /* MJGifFooter.swift in Sources */,
				C82E3AF41F137E5400D327CC /* CircleModel.swift in Sources */,
				C83C6BAF1F0BDEFD002CD84C /* ShelfReadVCTwo.swift in Sources */,
				C8275E061EB8807700B7D7E1 /* BookStoreVC.swift in Sources */,
				C84D16B31EB9DD7A004FC8F9 /* MainViewController.swift in Sources */,
				C8275DED1EB8324F00B7D7E1 /* NetWorkTool.swift in Sources */,
				C83E0E7B1F03868A00AC00FF /* ProductBookShelfDecorationView.m in Sources */,
				C81419C31F0CD8BB00E631CA /* LunboModel.swift in Sources */,
				C8CEACD21EBEFA620028DCF6 /* BookReadVC.swift in Sources */,
				C8275E0A1EB880A400B7D7E1 /* BookShelfVC.swift in Sources */,
				C8E1D0AF1EFCFC1A000AF3FA /* SearchCell.swift in Sources */,
				C8E623761F010333004E374D /* JTCoreDataTool.swift in Sources */,
				C8F4620A1EEFD88B00D561B4 /* DownLoadView.swift in Sources */,
				C85A0B871ED67FDE00940901 /* CommentHeaderCell.swift in Sources */,
				C8D002251F0E8C2F0051B93F /* MJGifHeader.swift in Sources */,
				C87B711B1EB7819500D5A173 /* ViewController.swift in Sources */,
				C82E3AEC1F13583900D327CC /* CircleObjcCell.swift in Sources */,
				C813315F1EF927DD0081BDB4 /* PageContent.swift in Sources */,
				C87B71191EB7819500D5A173 /* AppDelegate.swift in Sources */,
				C8127B1C1EEA8A73008BFA8C /* BaseObject.m in Sources */,
				C83E0E811F03A12A00AC00FF /* UserVC.swift in Sources */,
				C84D16B11EB9C03E004FC8F9 /* UIColor+category.swift in Sources */,
				C84CD8011EFA6D6D00F08543 /* BookStoreLunboCell.swift in Sources */,
				C8CEACD61EBF13B60028DCF6 /* PageContentView.swift in Sources */,
				C83E0E7C1F03868A00AC00FF /* ProductBookShelfFlowLayout.m in Sources */,
				C87B71211EB7819500D5A173 /* JTReader.xcdatamodeld in Sources */,
				C83E0E751F0355C000AC00FF /* BookLayout_OC.m in Sources */,
				C83BFB301F14C30B00D2ECBF /* CircleTopCell.swift in Sources */,
				C83E0E711F034CA200AC00FF /* ShelfReadVC.swift in Sources */,
				C84A5CCF1EBC4F64009A9EB2 /* BookStoreCell.swift in Sources */,
				C8542F521EBB23FA00A44C70 /* CircleVC.swift in Sources */,
				C8D8BB9F1EE44C7B007BC167 /* CommentModel.swift in Sources */,
				C809FBBF1EC3614B006CE0E7 /* BookCell.swift in Sources */,
				C8F812491ED55FB60048487F /* BookDetailTopCell.swift in Sources */,
				C8E1D0A71EFCC08C000AF3FA /* SearchVC.swift in Sources */,
				C82E3AF01F135CDB00D327CC /* CircleImageCell.swift in Sources */,
				C8542F591EBB274300A44C70 /* ContentVC.swift in Sources */,
				C8275DF11EB86BE400B7D7E1 /* Common.swift in Sources */,
				C82E3AE81F13582900D327CC /* CircleTextCell.swift in Sources */,
				C8CEACD71EBF13B60028DCF6 /* PageTitleView.swift in Sources */,
				C85AF7301EC30D75002F8CD0 /* CatagoryModel.swift in Sources */,
				C821DC8B1F0F2B6C00A47ECC /* DubVC.swift in Sources */,
				C856CF3E1EE941490047E96A /* JTDownLoadTool.swift in Sources */,
				C84A5CE11EBC7E60009A9EB2 /* BookDetailVC.swift in Sources */,
				C8275DEF1EB8327900B7D7E1 /* JTBaseViewController.swift in Sources */,
				C84D16AF1EB9BE36004FC8F9 /* UIBarButtonItem+Category.swift in Sources */,
				C85AF72E1EC30AE1002F8CD0 /* BookCatagoryVM.swift in Sources */,
				C83BFB341F14C6F200D2ECBF /* ShareDubModel.swift in Sources */,
			);
			runOnlyForDeploymentPostprocessing = 0;
		};
/* End PBXSourcesBuildPhase section */

/* Begin PBXVariantGroup section */
		C87B711C1EB7819500D5A173 /* Main.storyboard */ = {
			isa = PBXVariantGroup;
			children = (
				C87B711D1EB7819500D5A173 /* Base */,
			);
			name = Main.storyboard;
			sourceTree = "<group>";
		};
		C87B71241EB7819500D5A173 /* LaunchScreen.storyboard */ = {
			isa = PBXVariantGroup;
			children = (
				C87B71251EB7819500D5A173 /* Base */,
			);
			name = LaunchScreen.storyboard;
			sourceTree = "<group>";
		};
/* End PBXVariantGroup section */

/* Begin XCBuildConfiguration section */
		C87B71281EB7819500D5A173 /* Debug */ = {
			isa = XCBuildConfiguration;
			buildSettings = {
				ALWAYS_SEARCH_USER_PATHS = NO;
				CLANG_ANALYZER_NONNULL = YES;
				CLANG_ANALYZER_NUMBER_OBJECT_CONVERSION = YES_AGGRESSIVE;
				CLANG_CXX_LANGUAGE_STANDARD = "gnu++0x";
				CLANG_CXX_LIBRARY = "libc++";
				CLANG_ENABLE_MODULES = YES;
				CLANG_ENABLE_OBJC_ARC = YES;
				CLANG_WARN_BOOL_CONVERSION = YES;
				CLANG_WARN_CONSTANT_CONVERSION = YES;
				CLANG_WARN_DIRECT_OBJC_ISA_USAGE = YES_ERROR;
				CLANG_WARN_DOCUMENTATION_COMMENTS = YES;
				CLANG_WARN_EMPTY_BODY = YES;
				CLANG_WARN_ENUM_CONVERSION = YES;
				CLANG_WARN_INFINITE_RECURSION = YES;
				CLANG_WARN_INT_CONVERSION = YES;
				CLANG_WARN_OBJC_ROOT_CLASS = YES_ERROR;
				CLANG_WARN_SUSPICIOUS_MOVE = YES;
				CLANG_WARN_UNREACHABLE_CODE = YES;
				CLANG_WARN__DUPLICATE_METHOD_MATCH = YES;
				"CODE_SIGN_IDENTITY[sdk=iphoneos*]" = "iPhone Developer";
				COPY_PHASE_STRIP = NO;
				DEBUG_INFORMATION_FORMAT = dwarf;
				ENABLE_STRICT_OBJC_MSGSEND = YES;
				ENABLE_TESTABILITY = YES;
				GCC_C_LANGUAGE_STANDARD = gnu99;
				GCC_DYNAMIC_NO_PIC = NO;
				GCC_NO_COMMON_BLOCKS = YES;
				GCC_OPTIMIZATION_LEVEL = 0;
				GCC_PREPROCESSOR_DEFINITIONS = (
					"DEBUG=1",
					"$(inherited)",
				);
				GCC_WARN_64_TO_32_BIT_CONVERSION = YES;
				GCC_WARN_ABOUT_RETURN_TYPE = YES_ERROR;
				GCC_WARN_UNDECLARED_SELECTOR = YES;
				GCC_WARN_UNINITIALIZED_AUTOS = YES_AGGRESSIVE;
				GCC_WARN_UNUSED_FUNCTION = YES;
				GCC_WARN_UNUSED_VARIABLE = YES;
				IPHONEOS_DEPLOYMENT_TARGET = 10.3;
				MTL_ENABLE_DEBUG_INFO = YES;
				ONLY_ACTIVE_ARCH = YES;
				SDKROOT = iphoneos;
				SWIFT_ACTIVE_COMPILATION_CONDITIONS = DEBUG;
				SWIFT_OPTIMIZATION_LEVEL = "-Onone";
			};
			name = Debug;
		};
		C87B71291EB7819500D5A173 /* Release */ = {
			isa = XCBuildConfiguration;
			buildSettings = {
				ALWAYS_SEARCH_USER_PATHS = NO;
				CLANG_ANALYZER_NONNULL = YES;
				CLANG_ANALYZER_NUMBER_OBJECT_CONVERSION = YES_AGGRESSIVE;
				CLANG_CXX_LANGUAGE_STANDARD = "gnu++0x";
				CLANG_CXX_LIBRARY = "libc++";
				CLANG_ENABLE_MODULES = YES;
				CLANG_ENABLE_OBJC_ARC = YES;
				CLANG_WARN_BOOL_CONVERSION = YES;
				CLANG_WARN_CONSTANT_CONVERSION = YES;
				CLANG_WARN_DIRECT_OBJC_ISA_USAGE = YES_ERROR;
				CLANG_WARN_DOCUMENTATION_COMMENTS = YES;
				CLANG_WARN_EMPTY_BODY = YES;
				CLANG_WARN_ENUM_CONVERSION = YES;
				CLANG_WARN_INFINITE_RECURSION = YES;
				CLANG_WARN_INT_CONVERSION = YES;
				CLANG_WARN_OBJC_ROOT_CLASS = YES_ERROR;
				CLANG_WARN_SUSPICIOUS_MOVE = YES;
				CLANG_WARN_UNREACHABLE_CODE = YES;
				CLANG_WARN__DUPLICATE_METHOD_MATCH = YES;
				"CODE_SIGN_IDENTITY[sdk=iphoneos*]" = "iPhone Developer";
				COPY_PHASE_STRIP = NO;
				DEBUG_INFORMATION_FORMAT = "dwarf-with-dsym";
				ENABLE_NS_ASSERTIONS = NO;
				ENABLE_STRICT_OBJC_MSGSEND = YES;
				GCC_C_LANGUAGE_STANDARD = gnu99;
				GCC_NO_COMMON_BLOCKS = YES;
				GCC_WARN_64_TO_32_BIT_CONVERSION = YES;
				GCC_WARN_ABOUT_RETURN_TYPE = YES_ERROR;
				GCC_WARN_UNDECLARED_SELECTOR = YES;
				GCC_WARN_UNINITIALIZED_AUTOS = YES_AGGRESSIVE;
				GCC_WARN_UNUSED_FUNCTION = YES;
				GCC_WARN_UNUSED_VARIABLE = YES;
				IPHONEOS_DEPLOYMENT_TARGET = 10.3;
				MTL_ENABLE_DEBUG_INFO = NO;
				SDKROOT = iphoneos;
				SWIFT_OPTIMIZATION_LEVEL = "-Owholemodule";
				VALIDATE_PRODUCT = YES;
			};
			name = Release;
		};
		C87B712B1EB7819500D5A173 /* Debug */ = {
			isa = XCBuildConfiguration;
			baseConfigurationReference = A399FE0B58423B1F22133022 /* Pods-JTReader.debug.xcconfig */;
			buildSettings = {
				ASSETCATALOG_COMPILER_APPICON_NAME = AppIcon;
				CLANG_ENABLE_MODULES = YES;
				DEVELOPMENT_TEAM = 54598H6C5X;
				INFOPLIST_FILE = JTReader/Info.plist;
				LD_RUNPATH_SEARCH_PATHS = "$(inherited) @executable_path/Frameworks";
				PRODUCT_BUNDLE_IDENTIFIER = com.xueduoduo.JTReader;
				PRODUCT_NAME = "$(TARGET_NAME)";
				SWIFT_OBJC_BRIDGING_HEADER = "JTReader/Tools/JTReader-Bridging-Header.h";
				SWIFT_OPTIMIZATION_LEVEL = "-Onone";
				SWIFT_VERSION = 3.0;
			};
			name = Debug;
		};
		C87B712C1EB7819500D5A173 /* Release */ = {
			isa = XCBuildConfiguration;
			baseConfigurationReference = C0172CCC4F09BAA270C25847 /* Pods-JTReader.release.xcconfig */;
			buildSettings = {
				ASSETCATALOG_COMPILER_APPICON_NAME = AppIcon;
				CLANG_ENABLE_MODULES = YES;
				DEVELOPMENT_TEAM = 54598H6C5X;
				INFOPLIST_FILE = JTReader/Info.plist;
				LD_RUNPATH_SEARCH_PATHS = "$(inherited) @executable_path/Frameworks";
				PRODUCT_BUNDLE_IDENTIFIER = com.xueduoduo.JTReader;
				PRODUCT_NAME = "$(TARGET_NAME)";
				SWIFT_OBJC_BRIDGING_HEADER = "JTReader/Tools/JTReader-Bridging-Header.h";
				SWIFT_VERSION = 3.0;
			};
			name = Release;
		};
/* End XCBuildConfiguration section */

/* Begin XCConfigurationList section */
		C87B71101EB7819500D5A173 /* Build configuration list for PBXProject "JTReader" */ = {
			isa = XCConfigurationList;
			buildConfigurations = (
				C87B71281EB7819500D5A173 /* Debug */,
				C87B71291EB7819500D5A173 /* Release */,
			);
			defaultConfigurationIsVisible = 0;
			defaultConfigurationName = Release;
		};
		C87B712A1EB7819500D5A173 /* Build configuration list for PBXNativeTarget "JTReader" */ = {
			isa = XCConfigurationList;
			buildConfigurations = (
				C87B712B1EB7819500D5A173 /* Debug */,
				C87B712C1EB7819500D5A173 /* Release */,
			);
			defaultConfigurationIsVisible = 0;
			defaultConfigurationName = Release;
		};
/* End XCConfigurationList section */

/* Begin XCVersionGroup section */
		C87B711F1EB7819500D5A173 /* JTReader.xcdatamodeld */ = {
			isa = XCVersionGroup;
			children = (
				C87B71201EB7819500D5A173 /* JTReader.xcdatamodel */,
			);
			currentVersion = C87B71201EB7819500D5A173 /* JTReader.xcdatamodel */;
			path = JTReader.xcdatamodeld;
			sourceTree = "<group>";
			versionGroupType = wrapper.xcdatamodel;
		};
/* End XCVersionGroup section */
	};
	rootObject = C87B710D1EB7819500D5A173 /* Project object */;
}
