// !$*UTF8*$!
{
	archiveVersion = 1;
	classes = {
	};
	objectVersion = 46;
	objects = {

/* Begin PBXBuildFile section */
		C87B71191EB7819500D5A173 /* AppDelegate.swift in Sources */ = {isa = PBXBuildFile; fileRef = C87B71181EB7819500D5A173 /* AppDelegate.swift */; };
		C87B711B1EB7819500D5A173 /* ViewController.swift in Sources */ = {isa = PBXBuildFile; fileRef = C87B711A1EB7819500D5A173 /* ViewController.swift */; };
		C87B711E1EB7819500D5A173 /* Main.storyboard in Resources */ = {isa = PBXBuildFile; fileRef = C87B711C1EB7819500D5A173 /* Main.storyboard */; };
		C87B71211EB7819500D5A173 /* JTReader.xcdatamodeld in Sources */ = {isa = PBXBuildFile; fileRef = C87B711F1EB7819500D5A173 /* JTReader.xcdatamodeld */; };
		C87B71231EB7819500D5A173 /* Assets.xcassets in Resources */ = {isa = PBXBuildFile; fileRef = C87B71221EB7819500D5A173 /* Assets.xcassets */; };
		C87B71261EB7819500D5A173 /* LaunchScreen.storyboard in Resources */ = {isa = PBXBuildFile; fileRef = C87B71241EB7819500D5A173 /* LaunchScreen.storyboard */; };
/* End PBXBuildFile section */

/* Begin PBXFileReference section */
		C87B71151EB7819500D5A173 /* JTReader.app */ = {isa = PBXFileReference; explicitFileType = wrapper.application; includeInIndex = 0; path = JTReader.app; sourceTree = BUILT_PRODUCTS_DIR; };
		C87B71181EB7819500D5A173 /* AppDelegate.swift */ = {isa = PBXFileReference; lastKnownFileType = sourcecode.swift; path = AppDelegate.swift; sourceTree = "<group>"; };
		C87B711A1EB7819500D5A173 /* ViewController.swift */ = {isa = PBXFileReference; lastKnownFileType = sourcecode.swift; path = ViewController.swift; sourceTree = "<group>"; };
		C87B711D1EB7819500D5A173 /* Base */ = {isa = PBXFileReference; lastKnownFileType = file.storyboard; name = Base; path = Base.lproj/Main.storyboard; sourceTree = "<group>"; };
		C87B71201EB7819500D5A173 /* JTReader.xcdatamodel */ = {isa = PBXFileReference; lastKnownFileType = wrapper.xcdatamodel; path = JTReader.xcdatamodel; sourceTree = "<group>"; };
		C87B71221EB7819500D5A173 /* Assets.xcassets */ = {isa = PBXFileReference; lastKnownFileType = folder.assetcatalog; path = Assets.xcassets; sourceTree = "<group>"; };
		C87B71251EB7819500D5A173 /* Base */ = {isa = PBXFileReference; lastKnownFileType = file.storyboard; name = Base; path = Base.lproj/LaunchScreen.storyboard; sourceTree = "<group>"; };
		C87B71271EB7819500D5A173 /* Info.plist */ = {isa = PBXFileReference; lastKnownFileType = text.plist.xml; path = Info.plist; sourceTree = "<group>"; };
/* End PBXFileReference section */

/* Begin PBXFrameworksBuildPhase section */
		C87B71121EB7819500D5A173 /* Frameworks */ = {
			isa = PBXFrameworksBuildPhase;
			buildActionMask = 2147483647;
			files = (
			);
			runOnlyForDeploymentPostprocessing = 0;
		};
/* End PBXFrameworksBuildPhase section */

/* Begin PBXGroup section */
		C87B710C1EB7819500D5A173 = {
			isa = PBXGroup;
			children = (
				C87B71171EB7819500D5A173 /* JTReader */,
				C87B71161EB7819500D5A173 /* Products */,
			);
			sourceTree = "<group>";
		};
		C87B71161EB7819500D5A173 /* Products */ = {
			isa = PBXGroup;
			children = (
				C87B71151EB7819500D5A173 /* JTReader.app */,
			);
			name = Products;
			sourceTree = "<group>";
		};
		C87B71171EB7819500D5A173 /* JTReader */ = {
			isa = PBXGroup;
			children = (
				C87B71181EB7819500D5A173 /* AppDelegate.swift */,
				C87B711A1EB7819500D5A173 /* ViewController.swift */,
				C87B711C1EB7819500D5A173 /* Main.storyboard */,
				C87B71221EB7819500D5A173 /* Assets.xcassets */,
				C87B71241EB7819500D5A173 /* LaunchScreen.storyboard */,
				C87B71271EB7819500D5A173 /* Info.plist */,
				C87B711F1EB7819500D5A173 /* JTReader.xcdatamodeld */,
			);
			path = JTReader;
			sourceTree = "<group>";
		};
/* End PBXGroup section */

/* Begin PBXNativeTarget section */
		C87B71141EB7819500D5A173 /* JTReader */ = {
			isa = PBXNativeTarget;
			buildConfigurationList = C87B712A1EB7819500D5A173 /* Build configuration list for PBXNativeTarget "JTReader" */;
			buildPhases = (
				C87B71111EB7819500D5A173 /* Sources */,
				C87B71121EB7819500D5A173 /* Frameworks */,
				C87B71131EB7819500D5A173 /* Resources */,
			);
			buildRules = (
			);
			dependencies = (
			);
			name = JTReader;
			productName = JTReader;
			productReference = C87B71151EB7819500D5A173 /* JTReader.app */;
			productType = "com.apple.product-type.application";
		};
/* End PBXNativeTarget section */

/* Begin PBXProject section */
		C87B710D1EB7819500D5A173 /* Project object */ = {
			isa = PBXProject;
			attributes = {
				LastSwiftUpdateCheck = 0830;
				LastUpgradeCheck = 0830;
				ORGANIZATIONNAME = jiangT;
				TargetAttributes = {
					C87B71141EB7819500D5A173 = {
						CreatedOnToolsVersion = 8.3.2;
						DevelopmentTeam = KL3TMC97YB;
						ProvisioningStyle = Automatic;
					};
				};
			};
			buildConfigurationList = C87B71101EB7819500D5A173 /* Build configuration list for PBXProject "JTReader" */;
			compatibilityVersion = "Xcode 3.2";
			developmentRegion = English;
			hasScannedForEncodings = 0;
			knownRegions = (
				en,
				Base,
			);
			mainGroup = C87B710C1EB7819500D5A173;
			productRefGroup = C87B71161EB7819500D5A173 /* Products */;
			projectDirPath = "";
			projectRoot = "";
			targets = (
				C87B71141EB7819500D5A173 /* JTReader */,
			);
		};
/* End PBXProject section */

/* Begin PBXResourcesBuildPhase section */
		C87B71131EB7819500D5A173 /* Resources */ = {
			isa = PBXResourcesBuildPhase;
			buildActionMask = 2147483647;
			files = (
				C87B71261EB7819500D5A173 /* LaunchScreen.storyboard in Resources */,
				C87B71231EB7819500D5A173 /* Assets.xcassets in Resources */,
				C87B711E1EB7819500D5A173 /* Main.storyboard in Resources */,
			);
			runOnlyForDeploymentPostprocessing = 0;
		};
/* End PBXResourcesBuildPhase section */

/* Begin PBXSourcesBuildPhase section */
		C87B71111EB7819500D5A173 /* Sources */ = {
			isa = PBXSourcesBuildPhase;
			buildActionMask = 2147483647;
			files = (
				C87B711B1EB7819500D5A173 /* ViewController.swift in Sources */,
				C87B71191EB7819500D5A173 /* AppDelegate.swift in Sources */,
				C87B71211EB7819500D5A173 /* JTReader.xcdatamodeld in Sources */,
			);
			runOnlyForDeploymentPostprocessing = 0;
		};
/* End PBXSourcesBuildPhase section */

/* Begin PBXVariantGroup section */
		C87B711C1EB7819500D5A173 /* Main.storyboard */ = {
			isa = PBXVariantGroup;
			children = (
				C87B711D1EB7819500D5A173 /* Base */,
			);
			name = Main.storyboard;
			sourceTree = "<group>";
		};
		C87B71241EB7819500D5A173 /* LaunchScreen.storyboard */ = {
			isa = PBXVariantGroup;
			children = (
				C87B71251EB7819500D5A173 /* Base */,
			);
			name = LaunchScreen.storyboard;
			sourceTree = "<group>";
		};
/* End PBXVariantGroup section */

/* Begin XCBuildConfiguration section */
		C87B71281EB7819500D5A173 /* Debug */ = {
			isa = XCBuildConfiguration;
			buildSettings = {
				ALWAYS_SEARCH_USER_PATHS = NO;
				CLANG_ANALYZER_NONNULL = YES;
				CLANG_ANALYZER_NUMBER_OBJECT_CONVERSION = YES_AGGRESSIVE;
				CLANG_CXX_LANGUAGE_STANDARD = "gnu++0x";
				CLANG_CXX_LIBRARY = "libc++";
				CLANG_ENABLE_MODULES = YES;
				CLANG_ENABLE_OBJC_ARC = YES;
				CLANG_WARN_BOOL_CONVERSION = YES;
				CLANG_WARN_CONSTANT_CONVERSION = YES;
				CLANG_WARN_DIRECT_OBJC_ISA_USAGE = YES_ERROR;
				CLANG_WARN_DOCUMENTATION_COMMENTS = YES;
				CLANG_WARN_EMPTY_BODY = YES;
				CLANG_WARN_ENUM_CONVERSION = YES;
				CLANG_WARN_INFINITE_RECURSION = YES;
				CLANG_WARN_INT_CONVERSION = YES;
				CLANG_WARN_OBJC_ROOT_CLASS = YES_ERROR;
				CLANG_WARN_SUSPICIOUS_MOVE = YES;
				CLANG_WARN_UNREACHABLE_CODE = YES;
				CLANG_WARN__DUPLICATE_METHOD_MATCH = YES;
				"CODE_SIGN_IDENTITY[sdk=iphoneos*]" = "iPhone Developer";
				COPY_PHASE_STRIP = NO;
				DEBUG_INFORMATION_FORMAT = dwarf;
				ENABLE_STRICT_OBJC_MSGSEND = YES;
				ENABLE_TESTABILITY = YES;
				GCC_C_LANGUAGE_STANDARD = gnu99;
				GCC_DYNAMIC_NO_PIC = NO;
				GCC_NO_COMMON_BLOCKS = YES;
				GCC_OPTIMIZATION_LEVEL = 0;
				GCC_PREPROCESSOR_DEFINITIONS = (
					"DEBUG=1",
					"$(inherited)",
				);
				GCC_WARN_64_TO_32_BIT_CONVERSION = YES;
				GCC_WARN_ABOUT_RETURN_TYPE = YES_ERROR;
				GCC_WARN_UNDECLARED_SELECTOR = YES;
				GCC_WARN_UNINITIALIZED_AUTOS = YES_AGGRESSIVE;
				GCC_WARN_UNUSED_FUNCTION = YES;
				GCC_WARN_UNUSED_VARIABLE = YES;
				IPHONEOS_DEPLOYMENT_TARGET = 10.3;
				MTL_ENABLE_DEBUG_INFO = YES;
				ONLY_ACTIVE_ARCH = YES;
				SDKROOT = iphoneos;
				SWIFT_ACTIVE_COMPILATION_CONDITIONS = DEBUG;
				SWIFT_OPTIMIZATION_LEVEL = "-Onone";
			};
			name = Debug;
		};
		C87B71291EB7819500D5A173 /* Release */ = {
			isa = XCBuildConfiguration;
			buildSettings = {
				ALWAYS_SEARCH_USER_PATHS = NO;
				CLANG_ANALYZER_NONNULL = YES;
				CLANG_ANALYZER_NUMBER_OBJECT_CONVERSION = YES_AGGRESSIVE;
				CLANG_CXX_LANGUAGE_STANDARD = "gnu++0x";
				CLANG_CXX_LIBRARY = "libc++";
				CLANG_ENABLE_MODULES = YES;
				CLANG_ENABLE_OBJC_ARC = YES;
				CLANG_WARN_BOOL_CONVERSION = YES;
				CLANG_WARN_CONSTANT_CONVERSION = YES;
				CLANG_WARN_DIRECT_OBJC_ISA_USAGE = YES_ERROR;
				CLANG_WARN_DOCUMENTATION_COMMENTS = YES;
				CLANG_WARN_EMPTY_BODY = YES;
				CLANG_WARN_ENUM_CONVERSION = YES;
				CLANG_WARN_INFINITE_RECURSION = YES;
				CLANG_WARN_INT_CONVERSION = YES;
				CLANG_WARN_OBJC_ROOT_CLASS = YES_ERROR;
				CLANG_WARN_SUSPICIOUS_MOVE = YES;
				CLANG_WARN_UNREACHABLE_CODE = YES;
				CLANG_WARN__DUPLICATE_METHOD_MATCH = YES;
				"CODE_SIGN_IDENTITY[sdk=iphoneos*]" = "iPhone Developer";
				COPY_PHASE_STRIP = NO;
				DEBUG_INFORMATION_FORMAT = "dwarf-with-dsym";
				ENABLE_NS_ASSERTIONS = NO;
				ENABLE_STRICT_OBJC_MSGSEND = YES;
				GCC_C_LANGUAGE_STANDARD = gnu99;
				GCC_NO_COMMON_BLOCKS = YES;
				GCC_WARN_64_TO_32_BIT_CONVERSION = YES;
				GCC_WARN_ABOUT_RETURN_TYPE = YES_ERROR;
				GCC_WARN_UNDECLARED_SELECTOR = YES;
				GCC_WARN_UNINITIALIZED_AUTOS = YES_AGGRESSIVE;
				GCC_WARN_UNUSED_FUNCTION = YES;
				GCC_WARN_UNUSED_VARIABLE = YES;
				IPHONEOS_DEPLOYMENT_TARGET = 10.3;
				MTL_ENABLE_DEBUG_INFO = NO;
				SDKROOT = iphoneos;
				SWIFT_OPTIMIZATION_LEVEL = "-Owholemodule";
				VALIDATE_PRODUCT = YES;
			};
			name = Release;
		};
		C87B712B1EB7819500D5A173 /* Debug */ = {
			isa = XCBuildConfiguration;
			buildSettings = {
				ASSETCATALOG_COMPILER_APPICON_NAME = AppIcon;
				DEVELOPMENT_TEAM = KL3TMC97YB;
				INFOPLIST_FILE = JTReader/Info.plist;
				LD_RUNPATH_SEARCH_PATHS = "$(inherited) @executable_path/Frameworks";
				PRODUCT_BUNDLE_IDENTIFIER = com.xueduoduo.JTReader;
				PRODUCT_NAME = "$(TARGET_NAME)";
				SWIFT_VERSION = 3.0;
			};
			name = Debug;
		};
		C87B712C1EB7819500D5A173 /* Release */ = {
			isa = XCBuildConfiguration;
			buildSettings = {
				ASSETCATALOG_COMPILER_APPICON_NAME = AppIcon;
				DEVELOPMENT_TEAM = KL3TMC97YB;
				INFOPLIST_FILE = JTReader/Info.plist;
				LD_RUNPATH_SEARCH_PATHS = "$(inherited) @executable_path/Frameworks";
				PRODUCT_BUNDLE_IDENTIFIER = com.xueduoduo.JTReader;
				PRODUCT_NAME = "$(TARGET_NAME)";
				SWIFT_VERSION = 3.0;
			};
			name = Release;
		};
/* End XCBuildConfiguration section */

/* Begin XCConfigurationList section */
		C87B71101EB7819500D5A173 /* Build configuration list for PBXProject "JTReader" */ = {
			isa = XCConfigurationList;
			buildConfigurations = (
				C87B71281EB7819500D5A173 /* Debug */,
				C87B71291EB7819500D5A173 /* Release */,
			);
			defaultConfigurationIsVisible = 0;
			defaultConfigurationName = Release;
		};
		C87B712A1EB7819500D5A173 /* Build configuration list for PBXNativeTarget "JTReader" */ = {
			isa = XCConfigurationList;
			buildConfigurations = (
				C87B712B1EB7819500D5A173 /* Debug */,
				C87B712C1EB7819500D5A173 /* Release */,
			);
			defaultConfigurationIsVisible = 0;
		};
/* End XCConfigurationList section */

/* Begin XCVersionGroup section */
		C87B711F1EB7819500D5A173 /* JTReader.xcdatamodeld */ = {
			isa = XCVersionGroup;
			children = (
				C87B71201EB7819500D5A173 /* JTReader.xcdatamodel */,
			);
			currentVersion = C87B71201EB7819500D5A173 /* JTReader.xcdatamodel */;
			path = JTReader.xcdatamodeld;
			sourceTree = "<group>";
			versionGroupType = wrapper.xcdatamodel;
		};
/* End XCVersionGroup section */
	};
	rootObject = C87B710D1EB7819500D5A173 /* Project object */;
}
